
Microsoft Visual Studio Solution File, Format Version 12.00
# Visual Studio Version 16
VisualStudioVersion = 16.0.30114.105
MinimumVisualStudioVersion = 10.0.40219.1
Project("{FAE04EC0-301F-11D3-BF4B-00C04F79EFBC}") = "R5T.X0002.Construction", "R5T.X0002.Construction\R5T.X0002.Construction.csproj", "{67ED143C-5831-4924-95D4-7E925D33A6B7}"
EndProject
Project("{FAE04EC0-301F-11D3-BF4B-00C04F79EFBC}") = "R5T.X0002", "R5T.X0002\R5T.X0002.csproj", "{83E0E99E-2228-46F0-BE91-781012DAC560}"
EndProject
Project("{9A19103F-16F7-4668-BE54-9A1E7A4F7556}") = "R5T.D0078.X0001", "..\..\R5T.D0078.X0001\source\R5T.D0078.X0001\R5T.D0078.X0001.csproj", "{F578EAC7-2021-4822-A6A7-EEEA40A20F20}"
EndProject
Project("{2150E333-8FDC-42A3-9474-1A3956D46DE8}") = "_Dependencies", "_Dependencies", "{4BF60EC3-4702-4CBC-B032-928024B28FD3}"
EndProject
Project("{9A19103F-16F7-4668-BE54-9A1E7A4F7556}") = "R5T.D0078.Base", "..\..\R5T.D0078\source\R5T.D0078.Base\R5T.D0078.Base.csproj", "{F0A3A05D-8C59-4ECE-A6D1-3BBC23FB1992}"
EndProject
Project("{9A19103F-16F7-4668-BE54-9A1E7A4F7556}") = "R5T.Magyar", "..\..\R5T.Magyar\source\R5T.Magyar\R5T.Magyar.csproj", "{47A337BB-7551-43EA-B24F-DED27532EAE4}"
EndProject
Project("{9A19103F-16F7-4668-BE54-9A1E7A4F7556}") = "R5T.T0064", "..\..\R5T.T0064\source\R5T.T0064\R5T.T0064.csproj", "{703B379B-46D1-4290-BF9E-7EBB4B82F52D}"
EndProject
Project("{9A19103F-16F7-4668-BE54-9A1E7A4F7556}") = "R5T.T0143", "..\..\R5T.T0143\source\R5T.T0143\R5T.T0143.csproj", "{6E72B1C4-D423-4D44-A5C5-6A3DF0A4F2D7}"
EndProject
Project("{9A19103F-16F7-4668-BE54-9A1E7A4F7556}") = "R5T.Lombardy.Base", "..\..\R5T.Lombardy.Base\source\R5T.Lombardy.Base\R5T.Lombardy.Base.csproj", "{BABD1912-668F-4839-B07E-F31D788935EA}"
EndProject
Project("{9A19103F-16F7-4668-BE54-9A1E7A4F7556}") = "R5T.T0040.X0001", "..\..\R5T.T0040.X0001\source\R5T.T0040.X0001\R5T.T0040.X0001.csproj", "{97FF2595-A4CE-4514-8C4C-A2FDF16867CC}"
EndProject
Project("{9A19103F-16F7-4668-BE54-9A1E7A4F7556}") = "R5T.D0078.T0032", "..\..\R5T.D0078\source\R5T.D0078.T0032\R5T.D0078.T0032.csproj", "{B3DEBAEA-5579-4ABE-8EA8-EC43B8D39A48}"
EndProject
Project("{9A19103F-16F7-4668-BE54-9A1E7A4F7556}") = "R5T.T0032", "..\..\R5T.T0032\source\R5T.T0032\R5T.T0032.csproj", "{2BF80F31-8EB5-457A-BDD0-829230FCBF44}"
EndProject
Project("{9A19103F-16F7-4668-BE54-9A1E7A4F7556}") = "R5T.T0021.X0001", "..\..\R5T.T0021.X0001\source\R5T.T0021.X0001\R5T.T0021.X0001.csproj", "{248CEC11-2689-4ECC-8666-68A30EE345DD}"
EndProject
Project("{9A19103F-16F7-4668-BE54-9A1E7A4F7556}") = "R5T.T0021", "..\..\R5T.T0021\source\R5T.T0021\R5T.T0021.csproj", "{B95A0805-883A-4C89-9450-340DB436C47B}"
EndProject
Project("{9A19103F-16F7-4668-BE54-9A1E7A4F7556}") = "R5T.T0039.T002", "..\..\R5T.T0039\source\R5T.T0039.T002\R5T.T0039.T002.csproj", "{27BC913E-2ABC-4862-BA75-95307A8235B5}"
EndProject
Project("{9A19103F-16F7-4668-BE54-9A1E7A4F7556}") = "R5T.T0021.X002", "..\..\R5T.T0021\source\R5T.T0021.X002\R5T.T0021.X002.csproj", "{1269FCA4-4ABC-4C70-A4F8-740A1BFA0AF6}"
EndProject
Project("{9A19103F-16F7-4668-BE54-9A1E7A4F7556}") = "R5T.T0037.X0001", "..\..\R5T.T0037.X0001\source\R5T.T0037.X0001\R5T.T0037.X0001.csproj", "{EBE827CA-342D-47D8-80C1-328852A0E684}"
EndProject
Project("{9A19103F-16F7-4668-BE54-9A1E7A4F7556}") = "R5T.T0037", "..\..\R5T.T0037\source\R5T.T0037\R5T.T0037.csproj", "{E6E2D375-8C79-410C-A8F0-630A81EF0A2F}"
EndProject
Project("{9A19103F-16F7-4668-BE54-9A1E7A4F7556}") = "R5T.T0037.X001", "..\..\R5T.T0037\source\R5T.T0037.X001\R5T.T0037.X001.csproj", "{AC2E8104-D9FB-40BB-A0C8-DEE0D4031E9A}"
EndProject
Project("{9A19103F-16F7-4668-BE54-9A1E7A4F7556}") = "R5T.T0037.X002", "..\..\R5T.T0037\source\R5T.T0037.X002\R5T.T0037.X002.csproj", "{18C20A75-BE76-4E48-8A38-5A05C8F56D5F}"
EndProject
Project("{9A19103F-16F7-4668-BE54-9A1E7A4F7556}") = "R5T.T0040.X001", "..\..\R5T.T0040\source\R5T.T0040.X001\R5T.T0040.X001.csproj", "{B2633E9F-9C92-460E-84BE-32F19E1B660C}"
EndProject
Project("{9A19103F-16F7-4668-BE54-9A1E7A4F7556}") = "R5T.F0002", "..\..\R5T.F0002\source\R5T.F0002\R5T.F0002.csproj", "{37157FC1-8002-4238-9EE4-32E44F758362}"
EndProject
Project("{9A19103F-16F7-4668-BE54-9A1E7A4F7556}") = "R5T.F0000", "..\..\R5T.F0000\source\R5T.F0000\R5T.F0000.csproj", "{7D1CDCC5-EB24-42FF-B0B1-E1F9FA1893A1}"
EndProject
Project("{9A19103F-16F7-4668-BE54-9A1E7A4F7556}") = "R5T.T0132", "..\..\R5T.T0132\source\R5T.T0132\R5T.T0132.csproj", "{8893199E-C1FB-463D-8CFB-068D0C341460}"
EndProject
Project("{9A19103F-16F7-4668-BE54-9A1E7A4F7556}") = "R5T.T0142", "..\..\R5T.T0142\source\R5T.T0142\R5T.T0142.csproj", "{F8C6D7C8-E0D5-4DDA-91E3-8D93BDBDC150}"
EndProject
Project("{9A19103F-16F7-4668-BE54-9A1E7A4F7556}") = "R5T.Z0000", "..\..\R5T.Z0000\source\R5T.Z0000\R5T.Z0000.csproj", "{2E895B43-A8C4-41F0-B618-5496A4FBC667}"
EndProject
Project("{9A19103F-16F7-4668-BE54-9A1E7A4F7556}") = "R5T.T0131", "..\..\R5T.T0131\source\R5T.T0131\R5T.T0131.csproj", "{1D3B5883-DAB4-4B05-AC22-8A06817CFA8E}"
EndProject
Project("{9A19103F-16F7-4668-BE54-9A1E7A4F7556}") = "R5T.Y0000", "..\..\R5T.Y0000\source\R5T.Y0000\R5T.Y0000.csproj", "{C3217A4D-B8D2-4125-AACB-49B88A6B73B9}"
EndProject
Project("{9A19103F-16F7-4668-BE54-9A1E7A4F7556}") = "R5T.T0040", "..\..\R5T.T0040\source\R5T.T0040\R5T.T0040.csproj", "{E9597CCD-F0CC-4E69-8A05-365ED831AFC9}"
EndProject
Project("{9A19103F-16F7-4668-BE54-9A1E7A4F7556}") = "R5T.T0041.X001", "..\..\R5T.T0041\source\R5T.T0041.X001\R5T.T0041.X001.csproj", "{23F96843-EBDF-4C21-AE75-73F4C706A9BD}"
EndProject
Project("{9A19103F-16F7-4668-BE54-9A1E7A4F7556}") = "R5T.T0041", "..\..\R5T.T0041\source\R5T.T0041\R5T.T0041.csproj", "{968C8D9F-A4CB-4628-A2FC-1748A850E419}"
EndProject
Project("{9A19103F-16F7-4668-BE54-9A1E7A4F7556}") = "R5T.T0044.X001", "..\..\R5T.T0044\source\R5T.T0044.X001\R5T.T0044.X001.csproj", "{ED254B86-A11B-40D9-9B7A-99E726010A1D}"
EndProject
Project("{9A19103F-16F7-4668-BE54-9A1E7A4F7556}") = "R5T.T0044", "..\..\R5T.T0044\source\R5T.T0044\R5T.T0044.csproj", "{F8F19B48-F4E1-41CE-8CCF-7E7B248CD319}"
EndProject
Project("{9A19103F-16F7-4668-BE54-9A1E7A4F7556}") = "R5T.T0059.X001", "..\..\R5T.T0059\source\R5T.T0059.X001\R5T.T0059.X001.csproj", "{93C68843-DFDA-4F23-AA7A-27FBE6509919}"
EndProject
Project("{9A19103F-16F7-4668-BE54-9A1E7A4F7556}") = "R5T.T0059", "..\..\R5T.T0059\source\R5T.T0059\R5T.T0059.csproj", "{F92C6A5E-6E79-4D29-B589-083157B40527}"
EndProject
Project("{9A19103F-16F7-4668-BE54-9A1E7A4F7556}") = "R5T.T0114", "..\..\R5T.T0114\source\R5T.T0114\R5T.T0114.csproj", "{27CBCDC9-A46B-47C9-B934-0170FD430047}"
EndProject
Project("{9A19103F-16F7-4668-BE54-9A1E7A4F7556}") = "R5T.T0122", "..\..\R5T.T0122\source\R5T.T0122\R5T.T0122.csproj", "{A8917B71-882A-49A0-B3BE-F97B527F8255}"
EndProject
Project("{9A19103F-16F7-4668-BE54-9A1E7A4F7556}") = "R5T.T0092", "..\..\R5T.T0092\source\R5T.T0092\R5T.T0092.csproj", "{0DE38B5D-344B-4055-898A-C5ECFAB8B991}"
EndProject
Project("{9A19103F-16F7-4668-BE54-9A1E7A4F7556}") = "R5T.T0093", "..\..\R5T.T0093\source\R5T.T0093\R5T.T0093.csproj", "{5BC28140-628A-43DD-9CDA-4EC1AD681E50}"
EndProject
Project("{9A19103F-16F7-4668-BE54-9A1E7A4F7556}") = "R5T.D0079.Base", "..\..\R5T.D0079\source\R5T.D0079.Base\R5T.D0079.Base.csproj", "{FAF39FCD-31E1-4A2C-B6D2-972837979D07}"
EndProject
Project("{9A19103F-16F7-4668-BE54-9A1E7A4F7556}") = "R5T.T0029.Dotnet.T001", "..\..\R5T.T0029.Dotnet\source\R5T.T0029.Dotnet.T001\R5T.T0029.Dotnet.T001.csproj", "{E9A9AE50-EC18-4842-B0F5-FE6CD275FE12}"
EndProject
Project("{9A19103F-16F7-4668-BE54-9A1E7A4F7556}") = "R5T.D0083.X001", "..\..\R5T.D0083\source\R5T.D0083.X001\R5T.D0083.X001.csproj", "{17AC714C-40A7-462F-ACB8-D8D8F941A7BC}"
EndProject
Project("{9A19103F-16F7-4668-BE54-9A1E7A4F7556}") = "R5T.D0083.Base", "..\..\R5T.D0083\source\R5T.D0083.Base\R5T.D0083.Base.csproj", "{42544EAD-9AF9-46EA-A549-B3E2616865F2}"
EndProject
Project("{9A19103F-16F7-4668-BE54-9A1E7A4F7556}") = "R5T.D0101.X001", "..\..\R5T.D0101\source\R5T.D0101.X001\R5T.D0101.X001.csproj", "{9C6FD4C7-6BA6-497A-89C3-2D5E973AC0DC}"
EndProject
Project("{9A19103F-16F7-4668-BE54-9A1E7A4F7556}") = "R5T.T0042.X001", "..\..\R5T.T0042\source\R5T.T0042.X001\R5T.T0042.X001.csproj", "{2D71D449-45C9-446F-8489-730140F9C8FC}"
EndProject
Project("{9A19103F-16F7-4668-BE54-9A1E7A4F7556}") = "R5T.T0042", "..\..\R5T.T0042\source\R5T.T0042\R5T.T0042.csproj", "{60193C37-EF19-44D0-9417-E4394C24B8EB}"
EndProject
Project("{9A19103F-16F7-4668-BE54-9A1E7A4F7556}") = "R5T.T0092.X001", "..\..\R5T.T0092\source\R5T.T0092.X001\R5T.T0092.X001.csproj", "{2B77DEDD-C411-44AC-A434-9FD5D453C831}"
EndProject
Project("{9A19103F-16F7-4668-BE54-9A1E7A4F7556}") = "R5T.T0055.X001", "..\..\R5T.T0055\source\R5T.T0055.X001\R5T.T0055.X001.csproj", "{F628620D-9337-43F3-885A-9D42A5C08CF1}"
EndProject
Project("{9A19103F-16F7-4668-BE54-9A1E7A4F7556}") = "R5T.T0055", "..\..\R5T.T0055\source\R5T.T0055\R5T.T0055.csproj", "{DC0FF46C-1D79-416B-95BA-26A6A196C8FD}"
EndProject
Project("{9A19103F-16F7-4668-BE54-9A1E7A4F7556}") = "R5T.T0060", "..\..\R5T.T0060\source\R5T.T0060\R5T.T0060.csproj", "{CEE1578C-4CB3-4DE5-B30F-F086A8EB6988}"
EndProject
Project("{9A19103F-16F7-4668-BE54-9A1E7A4F7556}") = "R5T.T0098", "..\..\R5T.T0098\source\R5T.T0098\R5T.T0098.csproj", "{55DB6B05-3688-44ED-9EB8-FE1FEE5A72AE}"
EndProject
Project("{9A19103F-16F7-4668-BE54-9A1E7A4F7556}") = "R5T.T0093.X001", "..\..\R5T.T0093\source\R5T.T0093.X001\R5T.T0093.X001.csproj", "{C9E7071E-4CC6-41B0-9F51-845CA11E7FFE}"
EndProject
Project("{9A19103F-16F7-4668-BE54-9A1E7A4F7556}") = "R5T.D0101.Base", "..\..\R5T.D0101\source\R5T.D0101.Base\R5T.D0101.Base.csproj", "{F434FEFF-9EEC-446E-B856-232A4EAFAB10}"
EndProject
Project("{9A19103F-16F7-4668-BE54-9A1E7A4F7556}") = "R5T.T0097", "..\..\R5T.T0097\source\R5T.T0097\R5T.T0097.csproj", "{E319EC52-E0EC-4255-AE70-54C4C2DD6812}"
EndProject
Project("{9A19103F-16F7-4668-BE54-9A1E7A4F7556}") = "R5T.T0094", "..\..\R5T.T0094\source\R5T.T0094\R5T.T0094.csproj", "{6C965763-657B-41EE-969F-36763BAF127F}"
EndProject
Project("{9A19103F-16F7-4668-BE54-9A1E7A4F7556}") = "R5T.T0096.X001", "..\..\R5T.T0096\source\R5T.T0096.X001\R5T.T0096.X001.csproj", "{DAF7446D-A60F-474D-B163-AD83A3A44AEB}"
EndProject
Project("{9A19103F-16F7-4668-BE54-9A1E7A4F7556}") = "R5T.T0096", "..\..\R5T.T0096\source\R5T.T0096\R5T.T0096.csproj", "{18A1A853-FFC0-462B-AB12-60D938B1E820}"
EndProject
Project("{9A19103F-16F7-4668-BE54-9A1E7A4F7556}") = "R5T.T0044.X0001", "..\..\R5T.T0044.X0001\source\R5T.T0044.X0001\R5T.T0044.X0001.csproj", "{5EFE42E2-D337-4593-84A1-9C6022685868}"
EndProject
Project("{9A19103F-16F7-4668-BE54-9A1E7A4F7556}") = "R5T.T0041.X002", "..\..\R5T.T0041\source\R5T.T0041.X002\R5T.T0041.X002.csproj", "{B29F9C72-2AD3-4643-A137-E3F9613F028F}"
EndProject
Project("{9A19103F-16F7-4668-BE54-9A1E7A4F7556}") = "R5T.Magyar.T002.X000", "..\..\R5T.Magyar\source\R5T.Magyar.T002.X000\R5T.Magyar.T002.X000.csproj", "{5C2599A9-B138-49D1-A0B2-DA0BA3025671}"
EndProject
Project("{9A19103F-16F7-4668-BE54-9A1E7A4F7556}") = "R5T.Magyar.T002", "..\..\R5T.Magyar\source\R5T.Magyar.T002\R5T.Magyar.T002.csproj", "{64E8EA26-DFE6-4861-BA04-4E763B86857E}"
EndProject
Project("{9A19103F-16F7-4668-BE54-9A1E7A4F7556}") = "R5T.T0021.X003", "..\..\R5T.T0021\source\R5T.T0021.X003\R5T.T0021.X003.csproj", "{99571212-D44F-46A0-AEEC-AB74F4F99B1D}"
EndProject
Project("{9A19103F-16F7-4668-BE54-9A1E7A4F7556}") = "R5T.T0124.X0001", "..\..\R5T.T0124.X0001\source\R5T.T0124.X0001\R5T.T0124.X0001.csproj", "{F3FDC8A0-E46A-404E-9982-F451CC669660}"
EndProject
Project("{9A19103F-16F7-4668-BE54-9A1E7A4F7556}") = "R5T.T0032.X0001.X002", "..\..\R5T.T0032.X0001\source\R5T.T0032.X0001.X002\R5T.T0032.X0001.X002.csproj", "{6DBE53B9-D3C0-4203-9351-696165F5FC83}"
EndProject
Project("{9A19103F-16F7-4668-BE54-9A1E7A4F7556}") = "R5T.T0124.X001", "..\..\R5T.T0124\source\R5T.T0124.X001\R5T.T0124.X001.csproj", "{911EADBD-5892-4F7C-949D-9E06A05EB167}"
EndProject
Project("{9A19103F-16F7-4668-BE54-9A1E7A4F7556}") = "R5T.T0124", "..\..\R5T.T0124\source\R5T.T0124\R5T.T0124.csproj", "{7190C957-409B-46CF-9CC9-65E40F50F560}"
EndProject
Project("{9A19103F-16F7-4668-BE54-9A1E7A4F7556}") = "R5T.T0113.X001", "..\..\R5T.T0113\source\R5T.T0113.X001\R5T.T0113.X001.csproj", "{8B3EEAB8-CC36-4F22-A153-CB84DDD6BD80}"
EndProject
Project("{9A19103F-16F7-4668-BE54-9A1E7A4F7556}") = "R5T.T0113", "..\..\R5T.T0113\source\R5T.T0113\R5T.T0113.csproj", "{96152981-6B20-4806-A895-ACA080D02193}"
EndProject
Project("{9A19103F-16F7-4668-BE54-9A1E7A4F7556}") = "R5T.T0113.X002", "..\..\R5T.T0113\source\R5T.T0113.X002\R5T.T0113.X002.csproj", "{38FDB413-3628-4BFD-9163-F30B14A8EF60}"
EndProject
Global
	GlobalSection(SolutionConfigurationPlatforms) = preSolution
		Debug|Any CPU = Debug|Any CPU
		Debug|x64 = Debug|x64
		Debug|x86 = Debug|x86
		Release|Any CPU = Release|Any CPU
		Release|x64 = Release|x64
		Release|x86 = Release|x86
	EndGlobalSection
	GlobalSection(ProjectConfigurationPlatforms) = postSolution
		{67ED143C-5831-4924-95D4-7E925D33A6B7}.Debug|Any CPU.ActiveCfg = Debug|Any CPU
		{67ED143C-5831-4924-95D4-7E925D33A6B7}.Debug|Any CPU.Build.0 = Debug|Any CPU
		{67ED143C-5831-4924-95D4-7E925D33A6B7}.Debug|x64.ActiveCfg = Debug|Any CPU
		{67ED143C-5831-4924-95D4-7E925D33A6B7}.Debug|x64.Build.0 = Debug|Any CPU
		{67ED143C-5831-4924-95D4-7E925D33A6B7}.Debug|x86.ActiveCfg = Debug|Any CPU
		{67ED143C-5831-4924-95D4-7E925D33A6B7}.Debug|x86.Build.0 = Debug|Any CPU
		{67ED143C-5831-4924-95D4-7E925D33A6B7}.Release|Any CPU.ActiveCfg = Release|Any CPU
		{67ED143C-5831-4924-95D4-7E925D33A6B7}.Release|Any CPU.Build.0 = Release|Any CPU
		{67ED143C-5831-4924-95D4-7E925D33A6B7}.Release|x64.ActiveCfg = Release|Any CPU
		{67ED143C-5831-4924-95D4-7E925D33A6B7}.Release|x64.Build.0 = Release|Any CPU
		{67ED143C-5831-4924-95D4-7E925D33A6B7}.Release|x86.ActiveCfg = Release|Any CPU
		{67ED143C-5831-4924-95D4-7E925D33A6B7}.Release|x86.Build.0 = Release|Any CPU
		{83E0E99E-2228-46F0-BE91-781012DAC560}.Debug|Any CPU.ActiveCfg = Debug|Any CPU
		{83E0E99E-2228-46F0-BE91-781012DAC560}.Debug|Any CPU.Build.0 = Debug|Any CPU
		{83E0E99E-2228-46F0-BE91-781012DAC560}.Debug|x64.ActiveCfg = Debug|Any CPU
		{83E0E99E-2228-46F0-BE91-781012DAC560}.Debug|x64.Build.0 = Debug|Any CPU
		{83E0E99E-2228-46F0-BE91-781012DAC560}.Debug|x86.ActiveCfg = Debug|Any CPU
		{83E0E99E-2228-46F0-BE91-781012DAC560}.Debug|x86.Build.0 = Debug|Any CPU
		{83E0E99E-2228-46F0-BE91-781012DAC560}.Release|Any CPU.ActiveCfg = Release|Any CPU
		{83E0E99E-2228-46F0-BE91-781012DAC560}.Release|Any CPU.Build.0 = Release|Any CPU
		{83E0E99E-2228-46F0-BE91-781012DAC560}.Release|x64.ActiveCfg = Release|Any CPU
		{83E0E99E-2228-46F0-BE91-781012DAC560}.Release|x64.Build.0 = Release|Any CPU
		{83E0E99E-2228-46F0-BE91-781012DAC560}.Release|x86.ActiveCfg = Release|Any CPU
		{83E0E99E-2228-46F0-BE91-781012DAC560}.Release|x86.Build.0 = Release|Any CPU
		{F578EAC7-2021-4822-A6A7-EEEA40A20F20}.Debug|Any CPU.ActiveCfg = Debug|Any CPU
		{F578EAC7-2021-4822-A6A7-EEEA40A20F20}.Debug|Any CPU.Build.0 = Debug|Any CPU
		{F578EAC7-2021-4822-A6A7-EEEA40A20F20}.Debug|x64.ActiveCfg = Debug|Any CPU
		{F578EAC7-2021-4822-A6A7-EEEA40A20F20}.Debug|x64.Build.0 = Debug|Any CPU
		{F578EAC7-2021-4822-A6A7-EEEA40A20F20}.Debug|x86.ActiveCfg = Debug|Any CPU
		{F578EAC7-2021-4822-A6A7-EEEA40A20F20}.Debug|x86.Build.0 = Debug|Any CPU
		{F578EAC7-2021-4822-A6A7-EEEA40A20F20}.Release|Any CPU.ActiveCfg = Release|Any CPU
		{F578EAC7-2021-4822-A6A7-EEEA40A20F20}.Release|Any CPU.Build.0 = Release|Any CPU
		{F578EAC7-2021-4822-A6A7-EEEA40A20F20}.Release|x64.ActiveCfg = Release|Any CPU
		{F578EAC7-2021-4822-A6A7-EEEA40A20F20}.Release|x64.Build.0 = Release|Any CPU
		{F578EAC7-2021-4822-A6A7-EEEA40A20F20}.Release|x86.ActiveCfg = Release|Any CPU
		{F578EAC7-2021-4822-A6A7-EEEA40A20F20}.Release|x86.Build.0 = Release|Any CPU
		{F0A3A05D-8C59-4ECE-A6D1-3BBC23FB1992}.Debug|Any CPU.ActiveCfg = Debug|Any CPU
		{F0A3A05D-8C59-4ECE-A6D1-3BBC23FB1992}.Debug|Any CPU.Build.0 = Debug|Any CPU
		{F0A3A05D-8C59-4ECE-A6D1-3BBC23FB1992}.Debug|x64.ActiveCfg = Debug|Any CPU
		{F0A3A05D-8C59-4ECE-A6D1-3BBC23FB1992}.Debug|x64.Build.0 = Debug|Any CPU
		{F0A3A05D-8C59-4ECE-A6D1-3BBC23FB1992}.Debug|x86.ActiveCfg = Debug|Any CPU
		{F0A3A05D-8C59-4ECE-A6D1-3BBC23FB1992}.Debug|x86.Build.0 = Debug|Any CPU
		{F0A3A05D-8C59-4ECE-A6D1-3BBC23FB1992}.Release|Any CPU.ActiveCfg = Release|Any CPU
		{F0A3A05D-8C59-4ECE-A6D1-3BBC23FB1992}.Release|Any CPU.Build.0 = Release|Any CPU
		{F0A3A05D-8C59-4ECE-A6D1-3BBC23FB1992}.Release|x64.ActiveCfg = Release|Any CPU
		{F0A3A05D-8C59-4ECE-A6D1-3BBC23FB1992}.Release|x64.Build.0 = Release|Any CPU
		{F0A3A05D-8C59-4ECE-A6D1-3BBC23FB1992}.Release|x86.ActiveCfg = Release|Any CPU
		{F0A3A05D-8C59-4ECE-A6D1-3BBC23FB1992}.Release|x86.Build.0 = Release|Any CPU
		{47A337BB-7551-43EA-B24F-DED27532EAE4}.Debug|Any CPU.ActiveCfg = Debug|Any CPU
		{47A337BB-7551-43EA-B24F-DED27532EAE4}.Debug|Any CPU.Build.0 = Debug|Any CPU
		{47A337BB-7551-43EA-B24F-DED27532EAE4}.Debug|x64.ActiveCfg = Debug|Any CPU
		{47A337BB-7551-43EA-B24F-DED27532EAE4}.Debug|x64.Build.0 = Debug|Any CPU
		{47A337BB-7551-43EA-B24F-DED27532EAE4}.Debug|x86.ActiveCfg = Debug|Any CPU
		{47A337BB-7551-43EA-B24F-DED27532EAE4}.Debug|x86.Build.0 = Debug|Any CPU
		{47A337BB-7551-43EA-B24F-DED27532EAE4}.Release|Any CPU.ActiveCfg = Release|Any CPU
		{47A337BB-7551-43EA-B24F-DED27532EAE4}.Release|Any CPU.Build.0 = Release|Any CPU
		{47A337BB-7551-43EA-B24F-DED27532EAE4}.Release|x64.ActiveCfg = Release|Any CPU
		{47A337BB-7551-43EA-B24F-DED27532EAE4}.Release|x64.Build.0 = Release|Any CPU
		{47A337BB-7551-43EA-B24F-DED27532EAE4}.Release|x86.ActiveCfg = Release|Any CPU
		{47A337BB-7551-43EA-B24F-DED27532EAE4}.Release|x86.Build.0 = Release|Any CPU
		{703B379B-46D1-4290-BF9E-7EBB4B82F52D}.Debug|Any CPU.ActiveCfg = Debug|Any CPU
		{703B379B-46D1-4290-BF9E-7EBB4B82F52D}.Debug|Any CPU.Build.0 = Debug|Any CPU
		{703B379B-46D1-4290-BF9E-7EBB4B82F52D}.Debug|x64.ActiveCfg = Debug|Any CPU
		{703B379B-46D1-4290-BF9E-7EBB4B82F52D}.Debug|x64.Build.0 = Debug|Any CPU
		{703B379B-46D1-4290-BF9E-7EBB4B82F52D}.Debug|x86.ActiveCfg = Debug|Any CPU
		{703B379B-46D1-4290-BF9E-7EBB4B82F52D}.Debug|x86.Build.0 = Debug|Any CPU
		{703B379B-46D1-4290-BF9E-7EBB4B82F52D}.Release|Any CPU.ActiveCfg = Release|Any CPU
		{703B379B-46D1-4290-BF9E-7EBB4B82F52D}.Release|Any CPU.Build.0 = Release|Any CPU
		{703B379B-46D1-4290-BF9E-7EBB4B82F52D}.Release|x64.ActiveCfg = Release|Any CPU
		{703B379B-46D1-4290-BF9E-7EBB4B82F52D}.Release|x64.Build.0 = Release|Any CPU
		{703B379B-46D1-4290-BF9E-7EBB4B82F52D}.Release|x86.ActiveCfg = Release|Any CPU
		{703B379B-46D1-4290-BF9E-7EBB4B82F52D}.Release|x86.Build.0 = Release|Any CPU
		{6E72B1C4-D423-4D44-A5C5-6A3DF0A4F2D7}.Debug|Any CPU.ActiveCfg = Debug|Any CPU
		{6E72B1C4-D423-4D44-A5C5-6A3DF0A4F2D7}.Debug|Any CPU.Build.0 = Debug|Any CPU
		{6E72B1C4-D423-4D44-A5C5-6A3DF0A4F2D7}.Debug|x64.ActiveCfg = Debug|Any CPU
		{6E72B1C4-D423-4D44-A5C5-6A3DF0A4F2D7}.Debug|x64.Build.0 = Debug|Any CPU
		{6E72B1C4-D423-4D44-A5C5-6A3DF0A4F2D7}.Debug|x86.ActiveCfg = Debug|Any CPU
		{6E72B1C4-D423-4D44-A5C5-6A3DF0A4F2D7}.Debug|x86.Build.0 = Debug|Any CPU
		{6E72B1C4-D423-4D44-A5C5-6A3DF0A4F2D7}.Release|Any CPU.ActiveCfg = Release|Any CPU
		{6E72B1C4-D423-4D44-A5C5-6A3DF0A4F2D7}.Release|Any CPU.Build.0 = Release|Any CPU
		{6E72B1C4-D423-4D44-A5C5-6A3DF0A4F2D7}.Release|x64.ActiveCfg = Release|Any CPU
		{6E72B1C4-D423-4D44-A5C5-6A3DF0A4F2D7}.Release|x64.Build.0 = Release|Any CPU
		{6E72B1C4-D423-4D44-A5C5-6A3DF0A4F2D7}.Release|x86.ActiveCfg = Release|Any CPU
		{6E72B1C4-D423-4D44-A5C5-6A3DF0A4F2D7}.Release|x86.Build.0 = Release|Any CPU
		{BABD1912-668F-4839-B07E-F31D788935EA}.Debug|Any CPU.ActiveCfg = Debug|Any CPU
		{BABD1912-668F-4839-B07E-F31D788935EA}.Debug|Any CPU.Build.0 = Debug|Any CPU
		{BABD1912-668F-4839-B07E-F31D788935EA}.Debug|x64.ActiveCfg = Debug|Any CPU
		{BABD1912-668F-4839-B07E-F31D788935EA}.Debug|x64.Build.0 = Debug|Any CPU
		{BABD1912-668F-4839-B07E-F31D788935EA}.Debug|x86.ActiveCfg = Debug|Any CPU
		{BABD1912-668F-4839-B07E-F31D788935EA}.Debug|x86.Build.0 = Debug|Any CPU
		{BABD1912-668F-4839-B07E-F31D788935EA}.Release|Any CPU.ActiveCfg = Release|Any CPU
		{BABD1912-668F-4839-B07E-F31D788935EA}.Release|Any CPU.Build.0 = Release|Any CPU
		{BABD1912-668F-4839-B07E-F31D788935EA}.Release|x64.ActiveCfg = Release|Any CPU
		{BABD1912-668F-4839-B07E-F31D788935EA}.Release|x64.Build.0 = Release|Any CPU
		{BABD1912-668F-4839-B07E-F31D788935EA}.Release|x86.ActiveCfg = Release|Any CPU
		{BABD1912-668F-4839-B07E-F31D788935EA}.Release|x86.Build.0 = Release|Any CPU
		{97FF2595-A4CE-4514-8C4C-A2FDF16867CC}.Debug|Any CPU.ActiveCfg = Debug|Any CPU
		{97FF2595-A4CE-4514-8C4C-A2FDF16867CC}.Debug|Any CPU.Build.0 = Debug|Any CPU
		{97FF2595-A4CE-4514-8C4C-A2FDF16867CC}.Debug|x64.ActiveCfg = Debug|Any CPU
		{97FF2595-A4CE-4514-8C4C-A2FDF16867CC}.Debug|x64.Build.0 = Debug|Any CPU
		{97FF2595-A4CE-4514-8C4C-A2FDF16867CC}.Debug|x86.ActiveCfg = Debug|Any CPU
		{97FF2595-A4CE-4514-8C4C-A2FDF16867CC}.Debug|x86.Build.0 = Debug|Any CPU
		{97FF2595-A4CE-4514-8C4C-A2FDF16867CC}.Release|Any CPU.ActiveCfg = Release|Any CPU
		{97FF2595-A4CE-4514-8C4C-A2FDF16867CC}.Release|Any CPU.Build.0 = Release|Any CPU
		{97FF2595-A4CE-4514-8C4C-A2FDF16867CC}.Release|x64.ActiveCfg = Release|Any CPU
		{97FF2595-A4CE-4514-8C4C-A2FDF16867CC}.Release|x64.Build.0 = Release|Any CPU
		{97FF2595-A4CE-4514-8C4C-A2FDF16867CC}.Release|x86.ActiveCfg = Release|Any CPU
		{97FF2595-A4CE-4514-8C4C-A2FDF16867CC}.Release|x86.Build.0 = Release|Any CPU
		{B3DEBAEA-5579-4ABE-8EA8-EC43B8D39A48}.Debug|Any CPU.ActiveCfg = Debug|Any CPU
		{B3DEBAEA-5579-4ABE-8EA8-EC43B8D39A48}.Debug|Any CPU.Build.0 = Debug|Any CPU
		{B3DEBAEA-5579-4ABE-8EA8-EC43B8D39A48}.Debug|x64.ActiveCfg = Debug|Any CPU
		{B3DEBAEA-5579-4ABE-8EA8-EC43B8D39A48}.Debug|x64.Build.0 = Debug|Any CPU
		{B3DEBAEA-5579-4ABE-8EA8-EC43B8D39A48}.Debug|x86.ActiveCfg = Debug|Any CPU
		{B3DEBAEA-5579-4ABE-8EA8-EC43B8D39A48}.Debug|x86.Build.0 = Debug|Any CPU
		{B3DEBAEA-5579-4ABE-8EA8-EC43B8D39A48}.Release|Any CPU.ActiveCfg = Release|Any CPU
		{B3DEBAEA-5579-4ABE-8EA8-EC43B8D39A48}.Release|Any CPU.Build.0 = Release|Any CPU
		{B3DEBAEA-5579-4ABE-8EA8-EC43B8D39A48}.Release|x64.ActiveCfg = Release|Any CPU
		{B3DEBAEA-5579-4ABE-8EA8-EC43B8D39A48}.Release|x64.Build.0 = Release|Any CPU
		{B3DEBAEA-5579-4ABE-8EA8-EC43B8D39A48}.Release|x86.ActiveCfg = Release|Any CPU
		{B3DEBAEA-5579-4ABE-8EA8-EC43B8D39A48}.Release|x86.Build.0 = Release|Any CPU
		{2BF80F31-8EB5-457A-BDD0-829230FCBF44}.Debug|Any CPU.ActiveCfg = Debug|Any CPU
		{2BF80F31-8EB5-457A-BDD0-829230FCBF44}.Debug|Any CPU.Build.0 = Debug|Any CPU
		{2BF80F31-8EB5-457A-BDD0-829230FCBF44}.Debug|x64.ActiveCfg = Debug|Any CPU
		{2BF80F31-8EB5-457A-BDD0-829230FCBF44}.Debug|x64.Build.0 = Debug|Any CPU
		{2BF80F31-8EB5-457A-BDD0-829230FCBF44}.Debug|x86.ActiveCfg = Debug|Any CPU
		{2BF80F31-8EB5-457A-BDD0-829230FCBF44}.Debug|x86.Build.0 = Debug|Any CPU
		{2BF80F31-8EB5-457A-BDD0-829230FCBF44}.Release|Any CPU.ActiveCfg = Release|Any CPU
		{2BF80F31-8EB5-457A-BDD0-829230FCBF44}.Release|Any CPU.Build.0 = Release|Any CPU
		{2BF80F31-8EB5-457A-BDD0-829230FCBF44}.Release|x64.ActiveCfg = Release|Any CPU
		{2BF80F31-8EB5-457A-BDD0-829230FCBF44}.Release|x64.Build.0 = Release|Any CPU
		{2BF80F31-8EB5-457A-BDD0-829230FCBF44}.Release|x86.ActiveCfg = Release|Any CPU
		{2BF80F31-8EB5-457A-BDD0-829230FCBF44}.Release|x86.Build.0 = Release|Any CPU
		{248CEC11-2689-4ECC-8666-68A30EE345DD}.Debug|Any CPU.ActiveCfg = Debug|Any CPU
		{248CEC11-2689-4ECC-8666-68A30EE345DD}.Debug|Any CPU.Build.0 = Debug|Any CPU
		{248CEC11-2689-4ECC-8666-68A30EE345DD}.Debug|x64.ActiveCfg = Debug|Any CPU
		{248CEC11-2689-4ECC-8666-68A30EE345DD}.Debug|x64.Build.0 = Debug|Any CPU
		{248CEC11-2689-4ECC-8666-68A30EE345DD}.Debug|x86.ActiveCfg = Debug|Any CPU
		{248CEC11-2689-4ECC-8666-68A30EE345DD}.Debug|x86.Build.0 = Debug|Any CPU
		{248CEC11-2689-4ECC-8666-68A30EE345DD}.Release|Any CPU.ActiveCfg = Release|Any CPU
		{248CEC11-2689-4ECC-8666-68A30EE345DD}.Release|Any CPU.Build.0 = Release|Any CPU
		{248CEC11-2689-4ECC-8666-68A30EE345DD}.Release|x64.ActiveCfg = Release|Any CPU
		{248CEC11-2689-4ECC-8666-68A30EE345DD}.Release|x64.Build.0 = Release|Any CPU
		{248CEC11-2689-4ECC-8666-68A30EE345DD}.Release|x86.ActiveCfg = Release|Any CPU
		{248CEC11-2689-4ECC-8666-68A30EE345DD}.Release|x86.Build.0 = Release|Any CPU
		{B95A0805-883A-4C89-9450-340DB436C47B}.Debug|Any CPU.ActiveCfg = Debug|Any CPU
		{B95A0805-883A-4C89-9450-340DB436C47B}.Debug|Any CPU.Build.0 = Debug|Any CPU
		{B95A0805-883A-4C89-9450-340DB436C47B}.Debug|x64.ActiveCfg = Debug|Any CPU
		{B95A0805-883A-4C89-9450-340DB436C47B}.Debug|x64.Build.0 = Debug|Any CPU
		{B95A0805-883A-4C89-9450-340DB436C47B}.Debug|x86.ActiveCfg = Debug|Any CPU
		{B95A0805-883A-4C89-9450-340DB436C47B}.Debug|x86.Build.0 = Debug|Any CPU
		{B95A0805-883A-4C89-9450-340DB436C47B}.Release|Any CPU.ActiveCfg = Release|Any CPU
		{B95A0805-883A-4C89-9450-340DB436C47B}.Release|Any CPU.Build.0 = Release|Any CPU
		{B95A0805-883A-4C89-9450-340DB436C47B}.Release|x64.ActiveCfg = Release|Any CPU
		{B95A0805-883A-4C89-9450-340DB436C47B}.Release|x64.Build.0 = Release|Any CPU
		{B95A0805-883A-4C89-9450-340DB436C47B}.Release|x86.ActiveCfg = Release|Any CPU
		{B95A0805-883A-4C89-9450-340DB436C47B}.Release|x86.Build.0 = Release|Any CPU
		{27BC913E-2ABC-4862-BA75-95307A8235B5}.Debug|Any CPU.ActiveCfg = Debug|Any CPU
		{27BC913E-2ABC-4862-BA75-95307A8235B5}.Debug|Any CPU.Build.0 = Debug|Any CPU
		{27BC913E-2ABC-4862-BA75-95307A8235B5}.Debug|x64.ActiveCfg = Debug|Any CPU
		{27BC913E-2ABC-4862-BA75-95307A8235B5}.Debug|x64.Build.0 = Debug|Any CPU
		{27BC913E-2ABC-4862-BA75-95307A8235B5}.Debug|x86.ActiveCfg = Debug|Any CPU
		{27BC913E-2ABC-4862-BA75-95307A8235B5}.Debug|x86.Build.0 = Debug|Any CPU
		{27BC913E-2ABC-4862-BA75-95307A8235B5}.Release|Any CPU.ActiveCfg = Release|Any CPU
		{27BC913E-2ABC-4862-BA75-95307A8235B5}.Release|Any CPU.Build.0 = Release|Any CPU
		{27BC913E-2ABC-4862-BA75-95307A8235B5}.Release|x64.ActiveCfg = Release|Any CPU
		{27BC913E-2ABC-4862-BA75-95307A8235B5}.Release|x64.Build.0 = Release|Any CPU
		{27BC913E-2ABC-4862-BA75-95307A8235B5}.Release|x86.ActiveCfg = Release|Any CPU
		{27BC913E-2ABC-4862-BA75-95307A8235B5}.Release|x86.Build.0 = Release|Any CPU
		{1269FCA4-4ABC-4C70-A4F8-740A1BFA0AF6}.Debug|Any CPU.ActiveCfg = Debug|Any CPU
		{1269FCA4-4ABC-4C70-A4F8-740A1BFA0AF6}.Debug|Any CPU.Build.0 = Debug|Any CPU
		{1269FCA4-4ABC-4C70-A4F8-740A1BFA0AF6}.Debug|x64.ActiveCfg = Debug|Any CPU
		{1269FCA4-4ABC-4C70-A4F8-740A1BFA0AF6}.Debug|x64.Build.0 = Debug|Any CPU
		{1269FCA4-4ABC-4C70-A4F8-740A1BFA0AF6}.Debug|x86.ActiveCfg = Debug|Any CPU
		{1269FCA4-4ABC-4C70-A4F8-740A1BFA0AF6}.Debug|x86.Build.0 = Debug|Any CPU
		{1269FCA4-4ABC-4C70-A4F8-740A1BFA0AF6}.Release|Any CPU.ActiveCfg = Release|Any CPU
		{1269FCA4-4ABC-4C70-A4F8-740A1BFA0AF6}.Release|Any CPU.Build.0 = Release|Any CPU
		{1269FCA4-4ABC-4C70-A4F8-740A1BFA0AF6}.Release|x64.ActiveCfg = Release|Any CPU
		{1269FCA4-4ABC-4C70-A4F8-740A1BFA0AF6}.Release|x64.Build.0 = Release|Any CPU
		{1269FCA4-4ABC-4C70-A4F8-740A1BFA0AF6}.Release|x86.ActiveCfg = Release|Any CPU
		{1269FCA4-4ABC-4C70-A4F8-740A1BFA0AF6}.Release|x86.Build.0 = Release|Any CPU
		{EBE827CA-342D-47D8-80C1-328852A0E684}.Debug|Any CPU.ActiveCfg = Debug|Any CPU
		{EBE827CA-342D-47D8-80C1-328852A0E684}.Debug|Any CPU.Build.0 = Debug|Any CPU
		{EBE827CA-342D-47D8-80C1-328852A0E684}.Debug|x64.ActiveCfg = Debug|Any CPU
		{EBE827CA-342D-47D8-80C1-328852A0E684}.Debug|x64.Build.0 = Debug|Any CPU
		{EBE827CA-342D-47D8-80C1-328852A0E684}.Debug|x86.ActiveCfg = Debug|Any CPU
		{EBE827CA-342D-47D8-80C1-328852A0E684}.Debug|x86.Build.0 = Debug|Any CPU
		{EBE827CA-342D-47D8-80C1-328852A0E684}.Release|Any CPU.ActiveCfg = Release|Any CPU
		{EBE827CA-342D-47D8-80C1-328852A0E684}.Release|Any CPU.Build.0 = Release|Any CPU
		{EBE827CA-342D-47D8-80C1-328852A0E684}.Release|x64.ActiveCfg = Release|Any CPU
		{EBE827CA-342D-47D8-80C1-328852A0E684}.Release|x64.Build.0 = Release|Any CPU
		{EBE827CA-342D-47D8-80C1-328852A0E684}.Release|x86.ActiveCfg = Release|Any CPU
		{EBE827CA-342D-47D8-80C1-328852A0E684}.Release|x86.Build.0 = Release|Any CPU
		{E6E2D375-8C79-410C-A8F0-630A81EF0A2F}.Debug|Any CPU.ActiveCfg = Debug|Any CPU
		{E6E2D375-8C79-410C-A8F0-630A81EF0A2F}.Debug|Any CPU.Build.0 = Debug|Any CPU
		{E6E2D375-8C79-410C-A8F0-630A81EF0A2F}.Debug|x64.ActiveCfg = Debug|Any CPU
		{E6E2D375-8C79-410C-A8F0-630A81EF0A2F}.Debug|x64.Build.0 = Debug|Any CPU
		{E6E2D375-8C79-410C-A8F0-630A81EF0A2F}.Debug|x86.ActiveCfg = Debug|Any CPU
		{E6E2D375-8C79-410C-A8F0-630A81EF0A2F}.Debug|x86.Build.0 = Debug|Any CPU
		{E6E2D375-8C79-410C-A8F0-630A81EF0A2F}.Release|Any CPU.ActiveCfg = Release|Any CPU
		{E6E2D375-8C79-410C-A8F0-630A81EF0A2F}.Release|Any CPU.Build.0 = Release|Any CPU
		{E6E2D375-8C79-410C-A8F0-630A81EF0A2F}.Release|x64.ActiveCfg = Release|Any CPU
		{E6E2D375-8C79-410C-A8F0-630A81EF0A2F}.Release|x64.Build.0 = Release|Any CPU
		{E6E2D375-8C79-410C-A8F0-630A81EF0A2F}.Release|x86.ActiveCfg = Release|Any CPU
		{E6E2D375-8C79-410C-A8F0-630A81EF0A2F}.Release|x86.Build.0 = Release|Any CPU
		{AC2E8104-D9FB-40BB-A0C8-DEE0D4031E9A}.Debug|Any CPU.ActiveCfg = Debug|Any CPU
		{AC2E8104-D9FB-40BB-A0C8-DEE0D4031E9A}.Debug|Any CPU.Build.0 = Debug|Any CPU
		{AC2E8104-D9FB-40BB-A0C8-DEE0D4031E9A}.Debug|x64.ActiveCfg = Debug|Any CPU
		{AC2E8104-D9FB-40BB-A0C8-DEE0D4031E9A}.Debug|x64.Build.0 = Debug|Any CPU
		{AC2E8104-D9FB-40BB-A0C8-DEE0D4031E9A}.Debug|x86.ActiveCfg = Debug|Any CPU
		{AC2E8104-D9FB-40BB-A0C8-DEE0D4031E9A}.Debug|x86.Build.0 = Debug|Any CPU
		{AC2E8104-D9FB-40BB-A0C8-DEE0D4031E9A}.Release|Any CPU.ActiveCfg = Release|Any CPU
		{AC2E8104-D9FB-40BB-A0C8-DEE0D4031E9A}.Release|Any CPU.Build.0 = Release|Any CPU
		{AC2E8104-D9FB-40BB-A0C8-DEE0D4031E9A}.Release|x64.ActiveCfg = Release|Any CPU
		{AC2E8104-D9FB-40BB-A0C8-DEE0D4031E9A}.Release|x64.Build.0 = Release|Any CPU
		{AC2E8104-D9FB-40BB-A0C8-DEE0D4031E9A}.Release|x86.ActiveCfg = Release|Any CPU
		{AC2E8104-D9FB-40BB-A0C8-DEE0D4031E9A}.Release|x86.Build.0 = Release|Any CPU
		{18C20A75-BE76-4E48-8A38-5A05C8F56D5F}.Debug|Any CPU.ActiveCfg = Debug|Any CPU
		{18C20A75-BE76-4E48-8A38-5A05C8F56D5F}.Debug|Any CPU.Build.0 = Debug|Any CPU
		{18C20A75-BE76-4E48-8A38-5A05C8F56D5F}.Debug|x64.ActiveCfg = Debug|Any CPU
		{18C20A75-BE76-4E48-8A38-5A05C8F56D5F}.Debug|x64.Build.0 = Debug|Any CPU
		{18C20A75-BE76-4E48-8A38-5A05C8F56D5F}.Debug|x86.ActiveCfg = Debug|Any CPU
		{18C20A75-BE76-4E48-8A38-5A05C8F56D5F}.Debug|x86.Build.0 = Debug|Any CPU
		{18C20A75-BE76-4E48-8A38-5A05C8F56D5F}.Release|Any CPU.ActiveCfg = Release|Any CPU
		{18C20A75-BE76-4E48-8A38-5A05C8F56D5F}.Release|Any CPU.Build.0 = Release|Any CPU
		{18C20A75-BE76-4E48-8A38-5A05C8F56D5F}.Release|x64.ActiveCfg = Release|Any CPU
		{18C20A75-BE76-4E48-8A38-5A05C8F56D5F}.Release|x64.Build.0 = Release|Any CPU
		{18C20A75-BE76-4E48-8A38-5A05C8F56D5F}.Release|x86.ActiveCfg = Release|Any CPU
		{18C20A75-BE76-4E48-8A38-5A05C8F56D5F}.Release|x86.Build.0 = Release|Any CPU
		{B2633E9F-9C92-460E-84BE-32F19E1B660C}.Debug|Any CPU.ActiveCfg = Debug|Any CPU
		{B2633E9F-9C92-460E-84BE-32F19E1B660C}.Debug|Any CPU.Build.0 = Debug|Any CPU
		{B2633E9F-9C92-460E-84BE-32F19E1B660C}.Debug|x64.ActiveCfg = Debug|Any CPU
		{B2633E9F-9C92-460E-84BE-32F19E1B660C}.Debug|x64.Build.0 = Debug|Any CPU
		{B2633E9F-9C92-460E-84BE-32F19E1B660C}.Debug|x86.ActiveCfg = Debug|Any CPU
		{B2633E9F-9C92-460E-84BE-32F19E1B660C}.Debug|x86.Build.0 = Debug|Any CPU
		{B2633E9F-9C92-460E-84BE-32F19E1B660C}.Release|Any CPU.ActiveCfg = Release|Any CPU
		{B2633E9F-9C92-460E-84BE-32F19E1B660C}.Release|Any CPU.Build.0 = Release|Any CPU
		{B2633E9F-9C92-460E-84BE-32F19E1B660C}.Release|x64.ActiveCfg = Release|Any CPU
		{B2633E9F-9C92-460E-84BE-32F19E1B660C}.Release|x64.Build.0 = Release|Any CPU
		{B2633E9F-9C92-460E-84BE-32F19E1B660C}.Release|x86.ActiveCfg = Release|Any CPU
		{B2633E9F-9C92-460E-84BE-32F19E1B660C}.Release|x86.Build.0 = Release|Any CPU
		{37157FC1-8002-4238-9EE4-32E44F758362}.Debug|Any CPU.ActiveCfg = Debug|Any CPU
		{37157FC1-8002-4238-9EE4-32E44F758362}.Debug|Any CPU.Build.0 = Debug|Any CPU
		{37157FC1-8002-4238-9EE4-32E44F758362}.Debug|x64.ActiveCfg = Debug|Any CPU
		{37157FC1-8002-4238-9EE4-32E44F758362}.Debug|x64.Build.0 = Debug|Any CPU
		{37157FC1-8002-4238-9EE4-32E44F758362}.Debug|x86.ActiveCfg = Debug|Any CPU
		{37157FC1-8002-4238-9EE4-32E44F758362}.Debug|x86.Build.0 = Debug|Any CPU
		{37157FC1-8002-4238-9EE4-32E44F758362}.Release|Any CPU.ActiveCfg = Release|Any CPU
		{37157FC1-8002-4238-9EE4-32E44F758362}.Release|Any CPU.Build.0 = Release|Any CPU
		{37157FC1-8002-4238-9EE4-32E44F758362}.Release|x64.ActiveCfg = Release|Any CPU
		{37157FC1-8002-4238-9EE4-32E44F758362}.Release|x64.Build.0 = Release|Any CPU
		{37157FC1-8002-4238-9EE4-32E44F758362}.Release|x86.ActiveCfg = Release|Any CPU
		{37157FC1-8002-4238-9EE4-32E44F758362}.Release|x86.Build.0 = Release|Any CPU
		{7D1CDCC5-EB24-42FF-B0B1-E1F9FA1893A1}.Debug|Any CPU.ActiveCfg = Debug|Any CPU
		{7D1CDCC5-EB24-42FF-B0B1-E1F9FA1893A1}.Debug|Any CPU.Build.0 = Debug|Any CPU
		{7D1CDCC5-EB24-42FF-B0B1-E1F9FA1893A1}.Debug|x64.ActiveCfg = Debug|Any CPU
		{7D1CDCC5-EB24-42FF-B0B1-E1F9FA1893A1}.Debug|x64.Build.0 = Debug|Any CPU
		{7D1CDCC5-EB24-42FF-B0B1-E1F9FA1893A1}.Debug|x86.ActiveCfg = Debug|Any CPU
		{7D1CDCC5-EB24-42FF-B0B1-E1F9FA1893A1}.Debug|x86.Build.0 = Debug|Any CPU
		{7D1CDCC5-EB24-42FF-B0B1-E1F9FA1893A1}.Release|Any CPU.ActiveCfg = Release|Any CPU
		{7D1CDCC5-EB24-42FF-B0B1-E1F9FA1893A1}.Release|Any CPU.Build.0 = Release|Any CPU
		{7D1CDCC5-EB24-42FF-B0B1-E1F9FA1893A1}.Release|x64.ActiveCfg = Release|Any CPU
		{7D1CDCC5-EB24-42FF-B0B1-E1F9FA1893A1}.Release|x64.Build.0 = Release|Any CPU
		{7D1CDCC5-EB24-42FF-B0B1-E1F9FA1893A1}.Release|x86.ActiveCfg = Release|Any CPU
		{7D1CDCC5-EB24-42FF-B0B1-E1F9FA1893A1}.Release|x86.Build.0 = Release|Any CPU
		{8893199E-C1FB-463D-8CFB-068D0C341460}.Debug|Any CPU.ActiveCfg = Debug|Any CPU
		{8893199E-C1FB-463D-8CFB-068D0C341460}.Debug|Any CPU.Build.0 = Debug|Any CPU
		{8893199E-C1FB-463D-8CFB-068D0C341460}.Debug|x64.ActiveCfg = Debug|Any CPU
		{8893199E-C1FB-463D-8CFB-068D0C341460}.Debug|x64.Build.0 = Debug|Any CPU
		{8893199E-C1FB-463D-8CFB-068D0C341460}.Debug|x86.ActiveCfg = Debug|Any CPU
		{8893199E-C1FB-463D-8CFB-068D0C341460}.Debug|x86.Build.0 = Debug|Any CPU
		{8893199E-C1FB-463D-8CFB-068D0C341460}.Release|Any CPU.ActiveCfg = Release|Any CPU
		{8893199E-C1FB-463D-8CFB-068D0C341460}.Release|Any CPU.Build.0 = Release|Any CPU
		{8893199E-C1FB-463D-8CFB-068D0C341460}.Release|x64.ActiveCfg = Release|Any CPU
		{8893199E-C1FB-463D-8CFB-068D0C341460}.Release|x64.Build.0 = Release|Any CPU
		{8893199E-C1FB-463D-8CFB-068D0C341460}.Release|x86.ActiveCfg = Release|Any CPU
		{8893199E-C1FB-463D-8CFB-068D0C341460}.Release|x86.Build.0 = Release|Any CPU
		{F8C6D7C8-E0D5-4DDA-91E3-8D93BDBDC150}.Debug|Any CPU.ActiveCfg = Debug|Any CPU
		{F8C6D7C8-E0D5-4DDA-91E3-8D93BDBDC150}.Debug|Any CPU.Build.0 = Debug|Any CPU
		{F8C6D7C8-E0D5-4DDA-91E3-8D93BDBDC150}.Debug|x64.ActiveCfg = Debug|Any CPU
		{F8C6D7C8-E0D5-4DDA-91E3-8D93BDBDC150}.Debug|x64.Build.0 = Debug|Any CPU
		{F8C6D7C8-E0D5-4DDA-91E3-8D93BDBDC150}.Debug|x86.ActiveCfg = Debug|Any CPU
		{F8C6D7C8-E0D5-4DDA-91E3-8D93BDBDC150}.Debug|x86.Build.0 = Debug|Any CPU
		{F8C6D7C8-E0D5-4DDA-91E3-8D93BDBDC150}.Release|Any CPU.ActiveCfg = Release|Any CPU
		{F8C6D7C8-E0D5-4DDA-91E3-8D93BDBDC150}.Release|Any CPU.Build.0 = Release|Any CPU
		{F8C6D7C8-E0D5-4DDA-91E3-8D93BDBDC150}.Release|x64.ActiveCfg = Release|Any CPU
		{F8C6D7C8-E0D5-4DDA-91E3-8D93BDBDC150}.Release|x64.Build.0 = Release|Any CPU
		{F8C6D7C8-E0D5-4DDA-91E3-8D93BDBDC150}.Release|x86.ActiveCfg = Release|Any CPU
		{F8C6D7C8-E0D5-4DDA-91E3-8D93BDBDC150}.Release|x86.Build.0 = Release|Any CPU
		{2E895B43-A8C4-41F0-B618-5496A4FBC667}.Debug|Any CPU.ActiveCfg = Debug|Any CPU
		{2E895B43-A8C4-41F0-B618-5496A4FBC667}.Debug|Any CPU.Build.0 = Debug|Any CPU
		{2E895B43-A8C4-41F0-B618-5496A4FBC667}.Debug|x64.ActiveCfg = Debug|Any CPU
		{2E895B43-A8C4-41F0-B618-5496A4FBC667}.Debug|x64.Build.0 = Debug|Any CPU
		{2E895B43-A8C4-41F0-B618-5496A4FBC667}.Debug|x86.ActiveCfg = Debug|Any CPU
		{2E895B43-A8C4-41F0-B618-5496A4FBC667}.Debug|x86.Build.0 = Debug|Any CPU
		{2E895B43-A8C4-41F0-B618-5496A4FBC667}.Release|Any CPU.ActiveCfg = Release|Any CPU
		{2E895B43-A8C4-41F0-B618-5496A4FBC667}.Release|Any CPU.Build.0 = Release|Any CPU
		{2E895B43-A8C4-41F0-B618-5496A4FBC667}.Release|x64.ActiveCfg = Release|Any CPU
		{2E895B43-A8C4-41F0-B618-5496A4FBC667}.Release|x64.Build.0 = Release|Any CPU
		{2E895B43-A8C4-41F0-B618-5496A4FBC667}.Release|x86.ActiveCfg = Release|Any CPU
		{2E895B43-A8C4-41F0-B618-5496A4FBC667}.Release|x86.Build.0 = Release|Any CPU
		{1D3B5883-DAB4-4B05-AC22-8A06817CFA8E}.Debug|Any CPU.ActiveCfg = Debug|Any CPU
		{1D3B5883-DAB4-4B05-AC22-8A06817CFA8E}.Debug|Any CPU.Build.0 = Debug|Any CPU
		{1D3B5883-DAB4-4B05-AC22-8A06817CFA8E}.Debug|x64.ActiveCfg = Debug|Any CPU
		{1D3B5883-DAB4-4B05-AC22-8A06817CFA8E}.Debug|x64.Build.0 = Debug|Any CPU
		{1D3B5883-DAB4-4B05-AC22-8A06817CFA8E}.Debug|x86.ActiveCfg = Debug|Any CPU
		{1D3B5883-DAB4-4B05-AC22-8A06817CFA8E}.Debug|x86.Build.0 = Debug|Any CPU
		{1D3B5883-DAB4-4B05-AC22-8A06817CFA8E}.Release|Any CPU.ActiveCfg = Release|Any CPU
		{1D3B5883-DAB4-4B05-AC22-8A06817CFA8E}.Release|Any CPU.Build.0 = Release|Any CPU
		{1D3B5883-DAB4-4B05-AC22-8A06817CFA8E}.Release|x64.ActiveCfg = Release|Any CPU
		{1D3B5883-DAB4-4B05-AC22-8A06817CFA8E}.Release|x64.Build.0 = Release|Any CPU
		{1D3B5883-DAB4-4B05-AC22-8A06817CFA8E}.Release|x86.ActiveCfg = Release|Any CPU
		{1D3B5883-DAB4-4B05-AC22-8A06817CFA8E}.Release|x86.Build.0 = Release|Any CPU
		{C3217A4D-B8D2-4125-AACB-49B88A6B73B9}.Debug|Any CPU.ActiveCfg = Debug|Any CPU
		{C3217A4D-B8D2-4125-AACB-49B88A6B73B9}.Debug|Any CPU.Build.0 = Debug|Any CPU
		{C3217A4D-B8D2-4125-AACB-49B88A6B73B9}.Debug|x64.ActiveCfg = Debug|Any CPU
		{C3217A4D-B8D2-4125-AACB-49B88A6B73B9}.Debug|x64.Build.0 = Debug|Any CPU
		{C3217A4D-B8D2-4125-AACB-49B88A6B73B9}.Debug|x86.ActiveCfg = Debug|Any CPU
		{C3217A4D-B8D2-4125-AACB-49B88A6B73B9}.Debug|x86.Build.0 = Debug|Any CPU
		{C3217A4D-B8D2-4125-AACB-49B88A6B73B9}.Release|Any CPU.ActiveCfg = Release|Any CPU
		{C3217A4D-B8D2-4125-AACB-49B88A6B73B9}.Release|Any CPU.Build.0 = Release|Any CPU
		{C3217A4D-B8D2-4125-AACB-49B88A6B73B9}.Release|x64.ActiveCfg = Release|Any CPU
		{C3217A4D-B8D2-4125-AACB-49B88A6B73B9}.Release|x64.Build.0 = Release|Any CPU
		{C3217A4D-B8D2-4125-AACB-49B88A6B73B9}.Release|x86.ActiveCfg = Release|Any CPU
		{C3217A4D-B8D2-4125-AACB-49B88A6B73B9}.Release|x86.Build.0 = Release|Any CPU
		{E9597CCD-F0CC-4E69-8A05-365ED831AFC9}.Debug|Any CPU.ActiveCfg = Debug|Any CPU
		{E9597CCD-F0CC-4E69-8A05-365ED831AFC9}.Debug|Any CPU.Build.0 = Debug|Any CPU
		{E9597CCD-F0CC-4E69-8A05-365ED831AFC9}.Debug|x64.ActiveCfg = Debug|Any CPU
		{E9597CCD-F0CC-4E69-8A05-365ED831AFC9}.Debug|x64.Build.0 = Debug|Any CPU
		{E9597CCD-F0CC-4E69-8A05-365ED831AFC9}.Debug|x86.ActiveCfg = Debug|Any CPU
		{E9597CCD-F0CC-4E69-8A05-365ED831AFC9}.Debug|x86.Build.0 = Debug|Any CPU
		{E9597CCD-F0CC-4E69-8A05-365ED831AFC9}.Release|Any CPU.ActiveCfg = Release|Any CPU
		{E9597CCD-F0CC-4E69-8A05-365ED831AFC9}.Release|Any CPU.Build.0 = Release|Any CPU
		{E9597CCD-F0CC-4E69-8A05-365ED831AFC9}.Release|x64.ActiveCfg = Release|Any CPU
		{E9597CCD-F0CC-4E69-8A05-365ED831AFC9}.Release|x64.Build.0 = Release|Any CPU
		{E9597CCD-F0CC-4E69-8A05-365ED831AFC9}.Release|x86.ActiveCfg = Release|Any CPU
		{E9597CCD-F0CC-4E69-8A05-365ED831AFC9}.Release|x86.Build.0 = Release|Any CPU
		{23F96843-EBDF-4C21-AE75-73F4C706A9BD}.Debug|Any CPU.ActiveCfg = Debug|Any CPU
		{23F96843-EBDF-4C21-AE75-73F4C706A9BD}.Debug|Any CPU.Build.0 = Debug|Any CPU
		{23F96843-EBDF-4C21-AE75-73F4C706A9BD}.Debug|x64.ActiveCfg = Debug|Any CPU
		{23F96843-EBDF-4C21-AE75-73F4C706A9BD}.Debug|x64.Build.0 = Debug|Any CPU
		{23F96843-EBDF-4C21-AE75-73F4C706A9BD}.Debug|x86.ActiveCfg = Debug|Any CPU
		{23F96843-EBDF-4C21-AE75-73F4C706A9BD}.Debug|x86.Build.0 = Debug|Any CPU
		{23F96843-EBDF-4C21-AE75-73F4C706A9BD}.Release|Any CPU.ActiveCfg = Release|Any CPU
		{23F96843-EBDF-4C21-AE75-73F4C706A9BD}.Release|Any CPU.Build.0 = Release|Any CPU
		{23F96843-EBDF-4C21-AE75-73F4C706A9BD}.Release|x64.ActiveCfg = Release|Any CPU
		{23F96843-EBDF-4C21-AE75-73F4C706A9BD}.Release|x64.Build.0 = Release|Any CPU
		{23F96843-EBDF-4C21-AE75-73F4C706A9BD}.Release|x86.ActiveCfg = Release|Any CPU
		{23F96843-EBDF-4C21-AE75-73F4C706A9BD}.Release|x86.Build.0 = Release|Any CPU
		{968C8D9F-A4CB-4628-A2FC-1748A850E419}.Debug|Any CPU.ActiveCfg = Debug|Any CPU
		{968C8D9F-A4CB-4628-A2FC-1748A850E419}.Debug|Any CPU.Build.0 = Debug|Any CPU
		{968C8D9F-A4CB-4628-A2FC-1748A850E419}.Debug|x64.ActiveCfg = Debug|Any CPU
		{968C8D9F-A4CB-4628-A2FC-1748A850E419}.Debug|x64.Build.0 = Debug|Any CPU
		{968C8D9F-A4CB-4628-A2FC-1748A850E419}.Debug|x86.ActiveCfg = Debug|Any CPU
		{968C8D9F-A4CB-4628-A2FC-1748A850E419}.Debug|x86.Build.0 = Debug|Any CPU
		{968C8D9F-A4CB-4628-A2FC-1748A850E419}.Release|Any CPU.ActiveCfg = Release|Any CPU
		{968C8D9F-A4CB-4628-A2FC-1748A850E419}.Release|Any CPU.Build.0 = Release|Any CPU
		{968C8D9F-A4CB-4628-A2FC-1748A850E419}.Release|x64.ActiveCfg = Release|Any CPU
		{968C8D9F-A4CB-4628-A2FC-1748A850E419}.Release|x64.Build.0 = Release|Any CPU
		{968C8D9F-A4CB-4628-A2FC-1748A850E419}.Release|x86.ActiveCfg = Release|Any CPU
		{968C8D9F-A4CB-4628-A2FC-1748A850E419}.Release|x86.Build.0 = Release|Any CPU
		{ED254B86-A11B-40D9-9B7A-99E726010A1D}.Debug|Any CPU.ActiveCfg = Debug|Any CPU
		{ED254B86-A11B-40D9-9B7A-99E726010A1D}.Debug|Any CPU.Build.0 = Debug|Any CPU
		{ED254B86-A11B-40D9-9B7A-99E726010A1D}.Debug|x64.ActiveCfg = Debug|Any CPU
		{ED254B86-A11B-40D9-9B7A-99E726010A1D}.Debug|x64.Build.0 = Debug|Any CPU
		{ED254B86-A11B-40D9-9B7A-99E726010A1D}.Debug|x86.ActiveCfg = Debug|Any CPU
		{ED254B86-A11B-40D9-9B7A-99E726010A1D}.Debug|x86.Build.0 = Debug|Any CPU
		{ED254B86-A11B-40D9-9B7A-99E726010A1D}.Release|Any CPU.ActiveCfg = Release|Any CPU
		{ED254B86-A11B-40D9-9B7A-99E726010A1D}.Release|Any CPU.Build.0 = Release|Any CPU
		{ED254B86-A11B-40D9-9B7A-99E726010A1D}.Release|x64.ActiveCfg = Release|Any CPU
		{ED254B86-A11B-40D9-9B7A-99E726010A1D}.Release|x64.Build.0 = Release|Any CPU
		{ED254B86-A11B-40D9-9B7A-99E726010A1D}.Release|x86.ActiveCfg = Release|Any CPU
		{ED254B86-A11B-40D9-9B7A-99E726010A1D}.Release|x86.Build.0 = Release|Any CPU
		{F8F19B48-F4E1-41CE-8CCF-7E7B248CD319}.Debug|Any CPU.ActiveCfg = Debug|Any CPU
		{F8F19B48-F4E1-41CE-8CCF-7E7B248CD319}.Debug|Any CPU.Build.0 = Debug|Any CPU
		{F8F19B48-F4E1-41CE-8CCF-7E7B248CD319}.Debug|x64.ActiveCfg = Debug|Any CPU
		{F8F19B48-F4E1-41CE-8CCF-7E7B248CD319}.Debug|x64.Build.0 = Debug|Any CPU
		{F8F19B48-F4E1-41CE-8CCF-7E7B248CD319}.Debug|x86.ActiveCfg = Debug|Any CPU
		{F8F19B48-F4E1-41CE-8CCF-7E7B248CD319}.Debug|x86.Build.0 = Debug|Any CPU
		{F8F19B48-F4E1-41CE-8CCF-7E7B248CD319}.Release|Any CPU.ActiveCfg = Release|Any CPU
		{F8F19B48-F4E1-41CE-8CCF-7E7B248CD319}.Release|Any CPU.Build.0 = Release|Any CPU
		{F8F19B48-F4E1-41CE-8CCF-7E7B248CD319}.Release|x64.ActiveCfg = Release|Any CPU
		{F8F19B48-F4E1-41CE-8CCF-7E7B248CD319}.Release|x64.Build.0 = Release|Any CPU
		{F8F19B48-F4E1-41CE-8CCF-7E7B248CD319}.Release|x86.ActiveCfg = Release|Any CPU
		{F8F19B48-F4E1-41CE-8CCF-7E7B248CD319}.Release|x86.Build.0 = Release|Any CPU
		{93C68843-DFDA-4F23-AA7A-27FBE6509919}.Debug|Any CPU.ActiveCfg = Debug|Any CPU
		{93C68843-DFDA-4F23-AA7A-27FBE6509919}.Debug|Any CPU.Build.0 = Debug|Any CPU
		{93C68843-DFDA-4F23-AA7A-27FBE6509919}.Debug|x64.ActiveCfg = Debug|Any CPU
		{93C68843-DFDA-4F23-AA7A-27FBE6509919}.Debug|x64.Build.0 = Debug|Any CPU
		{93C68843-DFDA-4F23-AA7A-27FBE6509919}.Debug|x86.ActiveCfg = Debug|Any CPU
		{93C68843-DFDA-4F23-AA7A-27FBE6509919}.Debug|x86.Build.0 = Debug|Any CPU
		{93C68843-DFDA-4F23-AA7A-27FBE6509919}.Release|Any CPU.ActiveCfg = Release|Any CPU
		{93C68843-DFDA-4F23-AA7A-27FBE6509919}.Release|Any CPU.Build.0 = Release|Any CPU
		{93C68843-DFDA-4F23-AA7A-27FBE6509919}.Release|x64.ActiveCfg = Release|Any CPU
		{93C68843-DFDA-4F23-AA7A-27FBE6509919}.Release|x64.Build.0 = Release|Any CPU
		{93C68843-DFDA-4F23-AA7A-27FBE6509919}.Release|x86.ActiveCfg = Release|Any CPU
		{93C68843-DFDA-4F23-AA7A-27FBE6509919}.Release|x86.Build.0 = Release|Any CPU
		{F92C6A5E-6E79-4D29-B589-083157B40527}.Debug|Any CPU.ActiveCfg = Debug|Any CPU
		{F92C6A5E-6E79-4D29-B589-083157B40527}.Debug|Any CPU.Build.0 = Debug|Any CPU
		{F92C6A5E-6E79-4D29-B589-083157B40527}.Debug|x64.ActiveCfg = Debug|Any CPU
		{F92C6A5E-6E79-4D29-B589-083157B40527}.Debug|x64.Build.0 = Debug|Any CPU
		{F92C6A5E-6E79-4D29-B589-083157B40527}.Debug|x86.ActiveCfg = Debug|Any CPU
		{F92C6A5E-6E79-4D29-B589-083157B40527}.Debug|x86.Build.0 = Debug|Any CPU
		{F92C6A5E-6E79-4D29-B589-083157B40527}.Release|Any CPU.ActiveCfg = Release|Any CPU
		{F92C6A5E-6E79-4D29-B589-083157B40527}.Release|Any CPU.Build.0 = Release|Any CPU
		{F92C6A5E-6E79-4D29-B589-083157B40527}.Release|x64.ActiveCfg = Release|Any CPU
		{F92C6A5E-6E79-4D29-B589-083157B40527}.Release|x64.Build.0 = Release|Any CPU
		{F92C6A5E-6E79-4D29-B589-083157B40527}.Release|x86.ActiveCfg = Release|Any CPU
		{F92C6A5E-6E79-4D29-B589-083157B40527}.Release|x86.Build.0 = Release|Any CPU
		{27CBCDC9-A46B-47C9-B934-0170FD430047}.Debug|Any CPU.ActiveCfg = Debug|Any CPU
		{27CBCDC9-A46B-47C9-B934-0170FD430047}.Debug|Any CPU.Build.0 = Debug|Any CPU
		{27CBCDC9-A46B-47C9-B934-0170FD430047}.Debug|x64.ActiveCfg = Debug|Any CPU
		{27CBCDC9-A46B-47C9-B934-0170FD430047}.Debug|x64.Build.0 = Debug|Any CPU
		{27CBCDC9-A46B-47C9-B934-0170FD430047}.Debug|x86.ActiveCfg = Debug|Any CPU
		{27CBCDC9-A46B-47C9-B934-0170FD430047}.Debug|x86.Build.0 = Debug|Any CPU
		{27CBCDC9-A46B-47C9-B934-0170FD430047}.Release|Any CPU.ActiveCfg = Release|Any CPU
		{27CBCDC9-A46B-47C9-B934-0170FD430047}.Release|Any CPU.Build.0 = Release|Any CPU
		{27CBCDC9-A46B-47C9-B934-0170FD430047}.Release|x64.ActiveCfg = Release|Any CPU
		{27CBCDC9-A46B-47C9-B934-0170FD430047}.Release|x64.Build.0 = Release|Any CPU
		{27CBCDC9-A46B-47C9-B934-0170FD430047}.Release|x86.ActiveCfg = Release|Any CPU
		{27CBCDC9-A46B-47C9-B934-0170FD430047}.Release|x86.Build.0 = Release|Any CPU
		{A8917B71-882A-49A0-B3BE-F97B527F8255}.Debug|Any CPU.ActiveCfg = Debug|Any CPU
		{A8917B71-882A-49A0-B3BE-F97B527F8255}.Debug|Any CPU.Build.0 = Debug|Any CPU
		{A8917B71-882A-49A0-B3BE-F97B527F8255}.Debug|x64.ActiveCfg = Debug|Any CPU
		{A8917B71-882A-49A0-B3BE-F97B527F8255}.Debug|x64.Build.0 = Debug|Any CPU
		{A8917B71-882A-49A0-B3BE-F97B527F8255}.Debug|x86.ActiveCfg = Debug|Any CPU
		{A8917B71-882A-49A0-B3BE-F97B527F8255}.Debug|x86.Build.0 = Debug|Any CPU
		{A8917B71-882A-49A0-B3BE-F97B527F8255}.Release|Any CPU.ActiveCfg = Release|Any CPU
		{A8917B71-882A-49A0-B3BE-F97B527F8255}.Release|Any CPU.Build.0 = Release|Any CPU
		{A8917B71-882A-49A0-B3BE-F97B527F8255}.Release|x64.ActiveCfg = Release|Any CPU
		{A8917B71-882A-49A0-B3BE-F97B527F8255}.Release|x64.Build.0 = Release|Any CPU
		{A8917B71-882A-49A0-B3BE-F97B527F8255}.Release|x86.ActiveCfg = Release|Any CPU
		{A8917B71-882A-49A0-B3BE-F97B527F8255}.Release|x86.Build.0 = Release|Any CPU
		{0DE38B5D-344B-4055-898A-C5ECFAB8B991}.Debug|Any CPU.ActiveCfg = Debug|Any CPU
		{0DE38B5D-344B-4055-898A-C5ECFAB8B991}.Debug|Any CPU.Build.0 = Debug|Any CPU
		{0DE38B5D-344B-4055-898A-C5ECFAB8B991}.Debug|x64.ActiveCfg = Debug|Any CPU
		{0DE38B5D-344B-4055-898A-C5ECFAB8B991}.Debug|x64.Build.0 = Debug|Any CPU
		{0DE38B5D-344B-4055-898A-C5ECFAB8B991}.Debug|x86.ActiveCfg = Debug|Any CPU
		{0DE38B5D-344B-4055-898A-C5ECFAB8B991}.Debug|x86.Build.0 = Debug|Any CPU
		{0DE38B5D-344B-4055-898A-C5ECFAB8B991}.Release|Any CPU.ActiveCfg = Release|Any CPU
		{0DE38B5D-344B-4055-898A-C5ECFAB8B991}.Release|Any CPU.Build.0 = Release|Any CPU
		{0DE38B5D-344B-4055-898A-C5ECFAB8B991}.Release|x64.ActiveCfg = Release|Any CPU
		{0DE38B5D-344B-4055-898A-C5ECFAB8B991}.Release|x64.Build.0 = Release|Any CPU
		{0DE38B5D-344B-4055-898A-C5ECFAB8B991}.Release|x86.ActiveCfg = Release|Any CPU
		{0DE38B5D-344B-4055-898A-C5ECFAB8B991}.Release|x86.Build.0 = Release|Any CPU
		{5BC28140-628A-43DD-9CDA-4EC1AD681E50}.Debug|Any CPU.ActiveCfg = Debug|Any CPU
		{5BC28140-628A-43DD-9CDA-4EC1AD681E50}.Debug|Any CPU.Build.0 = Debug|Any CPU
		{5BC28140-628A-43DD-9CDA-4EC1AD681E50}.Debug|x64.ActiveCfg = Debug|Any CPU
		{5BC28140-628A-43DD-9CDA-4EC1AD681E50}.Debug|x64.Build.0 = Debug|Any CPU
		{5BC28140-628A-43DD-9CDA-4EC1AD681E50}.Debug|x86.ActiveCfg = Debug|Any CPU
		{5BC28140-628A-43DD-9CDA-4EC1AD681E50}.Debug|x86.Build.0 = Debug|Any CPU
		{5BC28140-628A-43DD-9CDA-4EC1AD681E50}.Release|Any CPU.ActiveCfg = Release|Any CPU
		{5BC28140-628A-43DD-9CDA-4EC1AD681E50}.Release|Any CPU.Build.0 = Release|Any CPU
		{5BC28140-628A-43DD-9CDA-4EC1AD681E50}.Release|x64.ActiveCfg = Release|Any CPU
		{5BC28140-628A-43DD-9CDA-4EC1AD681E50}.Release|x64.Build.0 = Release|Any CPU
		{5BC28140-628A-43DD-9CDA-4EC1AD681E50}.Release|x86.ActiveCfg = Release|Any CPU
		{5BC28140-628A-43DD-9CDA-4EC1AD681E50}.Release|x86.Build.0 = Release|Any CPU
		{FAF39FCD-31E1-4A2C-B6D2-972837979D07}.Debug|Any CPU.ActiveCfg = Debug|Any CPU
		{FAF39FCD-31E1-4A2C-B6D2-972837979D07}.Debug|Any CPU.Build.0 = Debug|Any CPU
		{FAF39FCD-31E1-4A2C-B6D2-972837979D07}.Debug|x64.ActiveCfg = Debug|Any CPU
		{FAF39FCD-31E1-4A2C-B6D2-972837979D07}.Debug|x64.Build.0 = Debug|Any CPU
		{FAF39FCD-31E1-4A2C-B6D2-972837979D07}.Debug|x86.ActiveCfg = Debug|Any CPU
		{FAF39FCD-31E1-4A2C-B6D2-972837979D07}.Debug|x86.Build.0 = Debug|Any CPU
		{FAF39FCD-31E1-4A2C-B6D2-972837979D07}.Release|Any CPU.ActiveCfg = Release|Any CPU
		{FAF39FCD-31E1-4A2C-B6D2-972837979D07}.Release|Any CPU.Build.0 = Release|Any CPU
		{FAF39FCD-31E1-4A2C-B6D2-972837979D07}.Release|x64.ActiveCfg = Release|Any CPU
		{FAF39FCD-31E1-4A2C-B6D2-972837979D07}.Release|x64.Build.0 = Release|Any CPU
		{FAF39FCD-31E1-4A2C-B6D2-972837979D07}.Release|x86.ActiveCfg = Release|Any CPU
		{FAF39FCD-31E1-4A2C-B6D2-972837979D07}.Release|x86.Build.0 = Release|Any CPU
		{E9A9AE50-EC18-4842-B0F5-FE6CD275FE12}.Debug|Any CPU.ActiveCfg = Debug|Any CPU
		{E9A9AE50-EC18-4842-B0F5-FE6CD275FE12}.Debug|Any CPU.Build.0 = Debug|Any CPU
		{E9A9AE50-EC18-4842-B0F5-FE6CD275FE12}.Debug|x64.ActiveCfg = Debug|Any CPU
		{E9A9AE50-EC18-4842-B0F5-FE6CD275FE12}.Debug|x64.Build.0 = Debug|Any CPU
		{E9A9AE50-EC18-4842-B0F5-FE6CD275FE12}.Debug|x86.ActiveCfg = Debug|Any CPU
		{E9A9AE50-EC18-4842-B0F5-FE6CD275FE12}.Debug|x86.Build.0 = Debug|Any CPU
		{E9A9AE50-EC18-4842-B0F5-FE6CD275FE12}.Release|Any CPU.ActiveCfg = Release|Any CPU
		{E9A9AE50-EC18-4842-B0F5-FE6CD275FE12}.Release|Any CPU.Build.0 = Release|Any CPU
		{E9A9AE50-EC18-4842-B0F5-FE6CD275FE12}.Release|x64.ActiveCfg = Release|Any CPU
		{E9A9AE50-EC18-4842-B0F5-FE6CD275FE12}.Release|x64.Build.0 = Release|Any CPU
		{E9A9AE50-EC18-4842-B0F5-FE6CD275FE12}.Release|x86.ActiveCfg = Release|Any CPU
		{E9A9AE50-EC18-4842-B0F5-FE6CD275FE12}.Release|x86.Build.0 = Release|Any CPU
		{17AC714C-40A7-462F-ACB8-D8D8F941A7BC}.Debug|Any CPU.ActiveCfg = Debug|Any CPU
		{17AC714C-40A7-462F-ACB8-D8D8F941A7BC}.Debug|Any CPU.Build.0 = Debug|Any CPU
		{17AC714C-40A7-462F-ACB8-D8D8F941A7BC}.Debug|x64.ActiveCfg = Debug|Any CPU
		{17AC714C-40A7-462F-ACB8-D8D8F941A7BC}.Debug|x64.Build.0 = Debug|Any CPU
		{17AC714C-40A7-462F-ACB8-D8D8F941A7BC}.Debug|x86.ActiveCfg = Debug|Any CPU
		{17AC714C-40A7-462F-ACB8-D8D8F941A7BC}.Debug|x86.Build.0 = Debug|Any CPU
		{17AC714C-40A7-462F-ACB8-D8D8F941A7BC}.Release|Any CPU.ActiveCfg = Release|Any CPU
		{17AC714C-40A7-462F-ACB8-D8D8F941A7BC}.Release|Any CPU.Build.0 = Release|Any CPU
		{17AC714C-40A7-462F-ACB8-D8D8F941A7BC}.Release|x64.ActiveCfg = Release|Any CPU
		{17AC714C-40A7-462F-ACB8-D8D8F941A7BC}.Release|x64.Build.0 = Release|Any CPU
		{17AC714C-40A7-462F-ACB8-D8D8F941A7BC}.Release|x86.ActiveCfg = Release|Any CPU
		{17AC714C-40A7-462F-ACB8-D8D8F941A7BC}.Release|x86.Build.0 = Release|Any CPU
		{42544EAD-9AF9-46EA-A549-B3E2616865F2}.Debug|Any CPU.ActiveCfg = Debug|Any CPU
		{42544EAD-9AF9-46EA-A549-B3E2616865F2}.Debug|Any CPU.Build.0 = Debug|Any CPU
		{42544EAD-9AF9-46EA-A549-B3E2616865F2}.Debug|x64.ActiveCfg = Debug|Any CPU
		{42544EAD-9AF9-46EA-A549-B3E2616865F2}.Debug|x64.Build.0 = Debug|Any CPU
		{42544EAD-9AF9-46EA-A549-B3E2616865F2}.Debug|x86.ActiveCfg = Debug|Any CPU
		{42544EAD-9AF9-46EA-A549-B3E2616865F2}.Debug|x86.Build.0 = Debug|Any CPU
		{42544EAD-9AF9-46EA-A549-B3E2616865F2}.Release|Any CPU.ActiveCfg = Release|Any CPU
		{42544EAD-9AF9-46EA-A549-B3E2616865F2}.Release|Any CPU.Build.0 = Release|Any CPU
		{42544EAD-9AF9-46EA-A549-B3E2616865F2}.Release|x64.ActiveCfg = Release|Any CPU
		{42544EAD-9AF9-46EA-A549-B3E2616865F2}.Release|x64.Build.0 = Release|Any CPU
		{42544EAD-9AF9-46EA-A549-B3E2616865F2}.Release|x86.ActiveCfg = Release|Any CPU
		{42544EAD-9AF9-46EA-A549-B3E2616865F2}.Release|x86.Build.0 = Release|Any CPU
		{9C6FD4C7-6BA6-497A-89C3-2D5E973AC0DC}.Debug|Any CPU.ActiveCfg = Debug|Any CPU
		{9C6FD4C7-6BA6-497A-89C3-2D5E973AC0DC}.Debug|Any CPU.Build.0 = Debug|Any CPU
		{9C6FD4C7-6BA6-497A-89C3-2D5E973AC0DC}.Debug|x64.ActiveCfg = Debug|Any CPU
		{9C6FD4C7-6BA6-497A-89C3-2D5E973AC0DC}.Debug|x64.Build.0 = Debug|Any CPU
		{9C6FD4C7-6BA6-497A-89C3-2D5E973AC0DC}.Debug|x86.ActiveCfg = Debug|Any CPU
		{9C6FD4C7-6BA6-497A-89C3-2D5E973AC0DC}.Debug|x86.Build.0 = Debug|Any CPU
		{9C6FD4C7-6BA6-497A-89C3-2D5E973AC0DC}.Release|Any CPU.ActiveCfg = Release|Any CPU
		{9C6FD4C7-6BA6-497A-89C3-2D5E973AC0DC}.Release|Any CPU.Build.0 = Release|Any CPU
		{9C6FD4C7-6BA6-497A-89C3-2D5E973AC0DC}.Release|x64.ActiveCfg = Release|Any CPU
		{9C6FD4C7-6BA6-497A-89C3-2D5E973AC0DC}.Release|x64.Build.0 = Release|Any CPU
		{9C6FD4C7-6BA6-497A-89C3-2D5E973AC0DC}.Release|x86.ActiveCfg = Release|Any CPU
		{9C6FD4C7-6BA6-497A-89C3-2D5E973AC0DC}.Release|x86.Build.0 = Release|Any CPU
		{2D71D449-45C9-446F-8489-730140F9C8FC}.Debug|Any CPU.ActiveCfg = Debug|Any CPU
		{2D71D449-45C9-446F-8489-730140F9C8FC}.Debug|Any CPU.Build.0 = Debug|Any CPU
		{2D71D449-45C9-446F-8489-730140F9C8FC}.Debug|x64.ActiveCfg = Debug|Any CPU
		{2D71D449-45C9-446F-8489-730140F9C8FC}.Debug|x64.Build.0 = Debug|Any CPU
		{2D71D449-45C9-446F-8489-730140F9C8FC}.Debug|x86.ActiveCfg = Debug|Any CPU
		{2D71D449-45C9-446F-8489-730140F9C8FC}.Debug|x86.Build.0 = Debug|Any CPU
		{2D71D449-45C9-446F-8489-730140F9C8FC}.Release|Any CPU.ActiveCfg = Release|Any CPU
		{2D71D449-45C9-446F-8489-730140F9C8FC}.Release|Any CPU.Build.0 = Release|Any CPU
		{2D71D449-45C9-446F-8489-730140F9C8FC}.Release|x64.ActiveCfg = Release|Any CPU
		{2D71D449-45C9-446F-8489-730140F9C8FC}.Release|x64.Build.0 = Release|Any CPU
		{2D71D449-45C9-446F-8489-730140F9C8FC}.Release|x86.ActiveCfg = Release|Any CPU
		{2D71D449-45C9-446F-8489-730140F9C8FC}.Release|x86.Build.0 = Release|Any CPU
		{60193C37-EF19-44D0-9417-E4394C24B8EB}.Debug|Any CPU.ActiveCfg = Debug|Any CPU
		{60193C37-EF19-44D0-9417-E4394C24B8EB}.Debug|Any CPU.Build.0 = Debug|Any CPU
		{60193C37-EF19-44D0-9417-E4394C24B8EB}.Debug|x64.ActiveCfg = Debug|Any CPU
		{60193C37-EF19-44D0-9417-E4394C24B8EB}.Debug|x64.Build.0 = Debug|Any CPU
		{60193C37-EF19-44D0-9417-E4394C24B8EB}.Debug|x86.ActiveCfg = Debug|Any CPU
		{60193C37-EF19-44D0-9417-E4394C24B8EB}.Debug|x86.Build.0 = Debug|Any CPU
		{60193C37-EF19-44D0-9417-E4394C24B8EB}.Release|Any CPU.ActiveCfg = Release|Any CPU
		{60193C37-EF19-44D0-9417-E4394C24B8EB}.Release|Any CPU.Build.0 = Release|Any CPU
		{60193C37-EF19-44D0-9417-E4394C24B8EB}.Release|x64.ActiveCfg = Release|Any CPU
		{60193C37-EF19-44D0-9417-E4394C24B8EB}.Release|x64.Build.0 = Release|Any CPU
		{60193C37-EF19-44D0-9417-E4394C24B8EB}.Release|x86.ActiveCfg = Release|Any CPU
		{60193C37-EF19-44D0-9417-E4394C24B8EB}.Release|x86.Build.0 = Release|Any CPU
		{2B77DEDD-C411-44AC-A434-9FD5D453C831}.Debug|Any CPU.ActiveCfg = Debug|Any CPU
		{2B77DEDD-C411-44AC-A434-9FD5D453C831}.Debug|Any CPU.Build.0 = Debug|Any CPU
		{2B77DEDD-C411-44AC-A434-9FD5D453C831}.Debug|x64.ActiveCfg = Debug|Any CPU
		{2B77DEDD-C411-44AC-A434-9FD5D453C831}.Debug|x64.Build.0 = Debug|Any CPU
		{2B77DEDD-C411-44AC-A434-9FD5D453C831}.Debug|x86.ActiveCfg = Debug|Any CPU
		{2B77DEDD-C411-44AC-A434-9FD5D453C831}.Debug|x86.Build.0 = Debug|Any CPU
		{2B77DEDD-C411-44AC-A434-9FD5D453C831}.Release|Any CPU.ActiveCfg = Release|Any CPU
		{2B77DEDD-C411-44AC-A434-9FD5D453C831}.Release|Any CPU.Build.0 = Release|Any CPU
		{2B77DEDD-C411-44AC-A434-9FD5D453C831}.Release|x64.ActiveCfg = Release|Any CPU
		{2B77DEDD-C411-44AC-A434-9FD5D453C831}.Release|x64.Build.0 = Release|Any CPU
		{2B77DEDD-C411-44AC-A434-9FD5D453C831}.Release|x86.ActiveCfg = Release|Any CPU
		{2B77DEDD-C411-44AC-A434-9FD5D453C831}.Release|x86.Build.0 = Release|Any CPU
		{F628620D-9337-43F3-885A-9D42A5C08CF1}.Debug|Any CPU.ActiveCfg = Debug|Any CPU
		{F628620D-9337-43F3-885A-9D42A5C08CF1}.Debug|Any CPU.Build.0 = Debug|Any CPU
		{F628620D-9337-43F3-885A-9D42A5C08CF1}.Debug|x64.ActiveCfg = Debug|Any CPU
		{F628620D-9337-43F3-885A-9D42A5C08CF1}.Debug|x64.Build.0 = Debug|Any CPU
		{F628620D-9337-43F3-885A-9D42A5C08CF1}.Debug|x86.ActiveCfg = Debug|Any CPU
		{F628620D-9337-43F3-885A-9D42A5C08CF1}.Debug|x86.Build.0 = Debug|Any CPU
		{F628620D-9337-43F3-885A-9D42A5C08CF1}.Release|Any CPU.ActiveCfg = Release|Any CPU
		{F628620D-9337-43F3-885A-9D42A5C08CF1}.Release|Any CPU.Build.0 = Release|Any CPU
		{F628620D-9337-43F3-885A-9D42A5C08CF1}.Release|x64.ActiveCfg = Release|Any CPU
		{F628620D-9337-43F3-885A-9D42A5C08CF1}.Release|x64.Build.0 = Release|Any CPU
		{F628620D-9337-43F3-885A-9D42A5C08CF1}.Release|x86.ActiveCfg = Release|Any CPU
		{F628620D-9337-43F3-885A-9D42A5C08CF1}.Release|x86.Build.0 = Release|Any CPU
		{DC0FF46C-1D79-416B-95BA-26A6A196C8FD}.Debug|Any CPU.ActiveCfg = Debug|Any CPU
		{DC0FF46C-1D79-416B-95BA-26A6A196C8FD}.Debug|Any CPU.Build.0 = Debug|Any CPU
		{DC0FF46C-1D79-416B-95BA-26A6A196C8FD}.Debug|x64.ActiveCfg = Debug|Any CPU
		{DC0FF46C-1D79-416B-95BA-26A6A196C8FD}.Debug|x64.Build.0 = Debug|Any CPU
		{DC0FF46C-1D79-416B-95BA-26A6A196C8FD}.Debug|x86.ActiveCfg = Debug|Any CPU
		{DC0FF46C-1D79-416B-95BA-26A6A196C8FD}.Debug|x86.Build.0 = Debug|Any CPU
		{DC0FF46C-1D79-416B-95BA-26A6A196C8FD}.Release|Any CPU.ActiveCfg = Release|Any CPU
		{DC0FF46C-1D79-416B-95BA-26A6A196C8FD}.Release|Any CPU.Build.0 = Release|Any CPU
		{DC0FF46C-1D79-416B-95BA-26A6A196C8FD}.Release|x64.ActiveCfg = Release|Any CPU
		{DC0FF46C-1D79-416B-95BA-26A6A196C8FD}.Release|x64.Build.0 = Release|Any CPU
		{DC0FF46C-1D79-416B-95BA-26A6A196C8FD}.Release|x86.ActiveCfg = Release|Any CPU
		{DC0FF46C-1D79-416B-95BA-26A6A196C8FD}.Release|x86.Build.0 = Release|Any CPU
		{CEE1578C-4CB3-4DE5-B30F-F086A8EB6988}.Debug|Any CPU.ActiveCfg = Debug|Any CPU
		{CEE1578C-4CB3-4DE5-B30F-F086A8EB6988}.Debug|Any CPU.Build.0 = Debug|Any CPU
		{CEE1578C-4CB3-4DE5-B30F-F086A8EB6988}.Debug|x64.ActiveCfg = Debug|Any CPU
		{CEE1578C-4CB3-4DE5-B30F-F086A8EB6988}.Debug|x64.Build.0 = Debug|Any CPU
		{CEE1578C-4CB3-4DE5-B30F-F086A8EB6988}.Debug|x86.ActiveCfg = Debug|Any CPU
		{CEE1578C-4CB3-4DE5-B30F-F086A8EB6988}.Debug|x86.Build.0 = Debug|Any CPU
		{CEE1578C-4CB3-4DE5-B30F-F086A8EB6988}.Release|Any CPU.ActiveCfg = Release|Any CPU
		{CEE1578C-4CB3-4DE5-B30F-F086A8EB6988}.Release|Any CPU.Build.0 = Release|Any CPU
		{CEE1578C-4CB3-4DE5-B30F-F086A8EB6988}.Release|x64.ActiveCfg = Release|Any CPU
		{CEE1578C-4CB3-4DE5-B30F-F086A8EB6988}.Release|x64.Build.0 = Release|Any CPU
		{CEE1578C-4CB3-4DE5-B30F-F086A8EB6988}.Release|x86.ActiveCfg = Release|Any CPU
		{CEE1578C-4CB3-4DE5-B30F-F086A8EB6988}.Release|x86.Build.0 = Release|Any CPU
		{55DB6B05-3688-44ED-9EB8-FE1FEE5A72AE}.Debug|Any CPU.ActiveCfg = Debug|Any CPU
		{55DB6B05-3688-44ED-9EB8-FE1FEE5A72AE}.Debug|Any CPU.Build.0 = Debug|Any CPU
		{55DB6B05-3688-44ED-9EB8-FE1FEE5A72AE}.Debug|x64.ActiveCfg = Debug|Any CPU
		{55DB6B05-3688-44ED-9EB8-FE1FEE5A72AE}.Debug|x64.Build.0 = Debug|Any CPU
		{55DB6B05-3688-44ED-9EB8-FE1FEE5A72AE}.Debug|x86.ActiveCfg = Debug|Any CPU
		{55DB6B05-3688-44ED-9EB8-FE1FEE5A72AE}.Debug|x86.Build.0 = Debug|Any CPU
		{55DB6B05-3688-44ED-9EB8-FE1FEE5A72AE}.Release|Any CPU.ActiveCfg = Release|Any CPU
		{55DB6B05-3688-44ED-9EB8-FE1FEE5A72AE}.Release|Any CPU.Build.0 = Release|Any CPU
		{55DB6B05-3688-44ED-9EB8-FE1FEE5A72AE}.Release|x64.ActiveCfg = Release|Any CPU
		{55DB6B05-3688-44ED-9EB8-FE1FEE5A72AE}.Release|x64.Build.0 = Release|Any CPU
		{55DB6B05-3688-44ED-9EB8-FE1FEE5A72AE}.Release|x86.ActiveCfg = Release|Any CPU
		{55DB6B05-3688-44ED-9EB8-FE1FEE5A72AE}.Release|x86.Build.0 = Release|Any CPU
		{C9E7071E-4CC6-41B0-9F51-845CA11E7FFE}.Debug|Any CPU.ActiveCfg = Debug|Any CPU
		{C9E7071E-4CC6-41B0-9F51-845CA11E7FFE}.Debug|Any CPU.Build.0 = Debug|Any CPU
		{C9E7071E-4CC6-41B0-9F51-845CA11E7FFE}.Debug|x64.ActiveCfg = Debug|Any CPU
		{C9E7071E-4CC6-41B0-9F51-845CA11E7FFE}.Debug|x64.Build.0 = Debug|Any CPU
		{C9E7071E-4CC6-41B0-9F51-845CA11E7FFE}.Debug|x86.ActiveCfg = Debug|Any CPU
		{C9E7071E-4CC6-41B0-9F51-845CA11E7FFE}.Debug|x86.Build.0 = Debug|Any CPU
		{C9E7071E-4CC6-41B0-9F51-845CA11E7FFE}.Release|Any CPU.ActiveCfg = Release|Any CPU
		{C9E7071E-4CC6-41B0-9F51-845CA11E7FFE}.Release|Any CPU.Build.0 = Release|Any CPU
		{C9E7071E-4CC6-41B0-9F51-845CA11E7FFE}.Release|x64.ActiveCfg = Release|Any CPU
		{C9E7071E-4CC6-41B0-9F51-845CA11E7FFE}.Release|x64.Build.0 = Release|Any CPU
		{C9E7071E-4CC6-41B0-9F51-845CA11E7FFE}.Release|x86.ActiveCfg = Release|Any CPU
		{C9E7071E-4CC6-41B0-9F51-845CA11E7FFE}.Release|x86.Build.0 = Release|Any CPU
		{F434FEFF-9EEC-446E-B856-232A4EAFAB10}.Debug|Any CPU.ActiveCfg = Debug|Any CPU
		{F434FEFF-9EEC-446E-B856-232A4EAFAB10}.Debug|Any CPU.Build.0 = Debug|Any CPU
		{F434FEFF-9EEC-446E-B856-232A4EAFAB10}.Debug|x64.ActiveCfg = Debug|Any CPU
		{F434FEFF-9EEC-446E-B856-232A4EAFAB10}.Debug|x64.Build.0 = Debug|Any CPU
		{F434FEFF-9EEC-446E-B856-232A4EAFAB10}.Debug|x86.ActiveCfg = Debug|Any CPU
		{F434FEFF-9EEC-446E-B856-232A4EAFAB10}.Debug|x86.Build.0 = Debug|Any CPU
		{F434FEFF-9EEC-446E-B856-232A4EAFAB10}.Release|Any CPU.ActiveCfg = Release|Any CPU
		{F434FEFF-9EEC-446E-B856-232A4EAFAB10}.Release|Any CPU.Build.0 = Release|Any CPU
		{F434FEFF-9EEC-446E-B856-232A4EAFAB10}.Release|x64.ActiveCfg = Release|Any CPU
		{F434FEFF-9EEC-446E-B856-232A4EAFAB10}.Release|x64.Build.0 = Release|Any CPU
		{F434FEFF-9EEC-446E-B856-232A4EAFAB10}.Release|x86.ActiveCfg = Release|Any CPU
		{F434FEFF-9EEC-446E-B856-232A4EAFAB10}.Release|x86.Build.0 = Release|Any CPU
		{E319EC52-E0EC-4255-AE70-54C4C2DD6812}.Debug|Any CPU.ActiveCfg = Debug|Any CPU
		{E319EC52-E0EC-4255-AE70-54C4C2DD6812}.Debug|Any CPU.Build.0 = Debug|Any CPU
		{E319EC52-E0EC-4255-AE70-54C4C2DD6812}.Debug|x64.ActiveCfg = Debug|Any CPU
		{E319EC52-E0EC-4255-AE70-54C4C2DD6812}.Debug|x64.Build.0 = Debug|Any CPU
		{E319EC52-E0EC-4255-AE70-54C4C2DD6812}.Debug|x86.ActiveCfg = Debug|Any CPU
		{E319EC52-E0EC-4255-AE70-54C4C2DD6812}.Debug|x86.Build.0 = Debug|Any CPU
		{E319EC52-E0EC-4255-AE70-54C4C2DD6812}.Release|Any CPU.ActiveCfg = Release|Any CPU
		{E319EC52-E0EC-4255-AE70-54C4C2DD6812}.Release|Any CPU.Build.0 = Release|Any CPU
		{E319EC52-E0EC-4255-AE70-54C4C2DD6812}.Release|x64.ActiveCfg = Release|Any CPU
		{E319EC52-E0EC-4255-AE70-54C4C2DD6812}.Release|x64.Build.0 = Release|Any CPU
		{E319EC52-E0EC-4255-AE70-54C4C2DD6812}.Release|x86.ActiveCfg = Release|Any CPU
		{E319EC52-E0EC-4255-AE70-54C4C2DD6812}.Release|x86.Build.0 = Release|Any CPU
		{6C965763-657B-41EE-969F-36763BAF127F}.Debug|Any CPU.ActiveCfg = Debug|Any CPU
		{6C965763-657B-41EE-969F-36763BAF127F}.Debug|Any CPU.Build.0 = Debug|Any CPU
		{6C965763-657B-41EE-969F-36763BAF127F}.Debug|x64.ActiveCfg = Debug|Any CPU
		{6C965763-657B-41EE-969F-36763BAF127F}.Debug|x64.Build.0 = Debug|Any CPU
		{6C965763-657B-41EE-969F-36763BAF127F}.Debug|x86.ActiveCfg = Debug|Any CPU
		{6C965763-657B-41EE-969F-36763BAF127F}.Debug|x86.Build.0 = Debug|Any CPU
		{6C965763-657B-41EE-969F-36763BAF127F}.Release|Any CPU.ActiveCfg = Release|Any CPU
		{6C965763-657B-41EE-969F-36763BAF127F}.Release|Any CPU.Build.0 = Release|Any CPU
		{6C965763-657B-41EE-969F-36763BAF127F}.Release|x64.ActiveCfg = Release|Any CPU
		{6C965763-657B-41EE-969F-36763BAF127F}.Release|x64.Build.0 = Release|Any CPU
		{6C965763-657B-41EE-969F-36763BAF127F}.Release|x86.ActiveCfg = Release|Any CPU
		{6C965763-657B-41EE-969F-36763BAF127F}.Release|x86.Build.0 = Release|Any CPU
		{DAF7446D-A60F-474D-B163-AD83A3A44AEB}.Debug|Any CPU.ActiveCfg = Debug|Any CPU
		{DAF7446D-A60F-474D-B163-AD83A3A44AEB}.Debug|Any CPU.Build.0 = Debug|Any CPU
		{DAF7446D-A60F-474D-B163-AD83A3A44AEB}.Debug|x64.ActiveCfg = Debug|Any CPU
		{DAF7446D-A60F-474D-B163-AD83A3A44AEB}.Debug|x64.Build.0 = Debug|Any CPU
		{DAF7446D-A60F-474D-B163-AD83A3A44AEB}.Debug|x86.ActiveCfg = Debug|Any CPU
		{DAF7446D-A60F-474D-B163-AD83A3A44AEB}.Debug|x86.Build.0 = Debug|Any CPU
		{DAF7446D-A60F-474D-B163-AD83A3A44AEB}.Release|Any CPU.ActiveCfg = Release|Any CPU
		{DAF7446D-A60F-474D-B163-AD83A3A44AEB}.Release|Any CPU.Build.0 = Release|Any CPU
		{DAF7446D-A60F-474D-B163-AD83A3A44AEB}.Release|x64.ActiveCfg = Release|Any CPU
		{DAF7446D-A60F-474D-B163-AD83A3A44AEB}.Release|x64.Build.0 = Release|Any CPU
		{DAF7446D-A60F-474D-B163-AD83A3A44AEB}.Release|x86.ActiveCfg = Release|Any CPU
		{DAF7446D-A60F-474D-B163-AD83A3A44AEB}.Release|x86.Build.0 = Release|Any CPU
		{18A1A853-FFC0-462B-AB12-60D938B1E820}.Debug|Any CPU.ActiveCfg = Debug|Any CPU
		{18A1A853-FFC0-462B-AB12-60D938B1E820}.Debug|Any CPU.Build.0 = Debug|Any CPU
		{18A1A853-FFC0-462B-AB12-60D938B1E820}.Debug|x64.ActiveCfg = Debug|Any CPU
		{18A1A853-FFC0-462B-AB12-60D938B1E820}.Debug|x64.Build.0 = Debug|Any CPU
		{18A1A853-FFC0-462B-AB12-60D938B1E820}.Debug|x86.ActiveCfg = Debug|Any CPU
		{18A1A853-FFC0-462B-AB12-60D938B1E820}.Debug|x86.Build.0 = Debug|Any CPU
		{18A1A853-FFC0-462B-AB12-60D938B1E820}.Release|Any CPU.ActiveCfg = Release|Any CPU
		{18A1A853-FFC0-462B-AB12-60D938B1E820}.Release|Any CPU.Build.0 = Release|Any CPU
		{18A1A853-FFC0-462B-AB12-60D938B1E820}.Release|x64.ActiveCfg = Release|Any CPU
		{18A1A853-FFC0-462B-AB12-60D938B1E820}.Release|x64.Build.0 = Release|Any CPU
		{18A1A853-FFC0-462B-AB12-60D938B1E820}.Release|x86.ActiveCfg = Release|Any CPU
		{18A1A853-FFC0-462B-AB12-60D938B1E820}.Release|x86.Build.0 = Release|Any CPU
		{5EFE42E2-D337-4593-84A1-9C6022685868}.Debug|Any CPU.ActiveCfg = Debug|Any CPU
		{5EFE42E2-D337-4593-84A1-9C6022685868}.Debug|Any CPU.Build.0 = Debug|Any CPU
		{5EFE42E2-D337-4593-84A1-9C6022685868}.Debug|x64.ActiveCfg = Debug|Any CPU
		{5EFE42E2-D337-4593-84A1-9C6022685868}.Debug|x64.Build.0 = Debug|Any CPU
		{5EFE42E2-D337-4593-84A1-9C6022685868}.Debug|x86.ActiveCfg = Debug|Any CPU
		{5EFE42E2-D337-4593-84A1-9C6022685868}.Debug|x86.Build.0 = Debug|Any CPU
		{5EFE42E2-D337-4593-84A1-9C6022685868}.Release|Any CPU.ActiveCfg = Release|Any CPU
		{5EFE42E2-D337-4593-84A1-9C6022685868}.Release|Any CPU.Build.0 = Release|Any CPU
		{5EFE42E2-D337-4593-84A1-9C6022685868}.Release|x64.ActiveCfg = Release|Any CPU
		{5EFE42E2-D337-4593-84A1-9C6022685868}.Release|x64.Build.0 = Release|Any CPU
		{5EFE42E2-D337-4593-84A1-9C6022685868}.Release|x86.ActiveCfg = Release|Any CPU
		{5EFE42E2-D337-4593-84A1-9C6022685868}.Release|x86.Build.0 = Release|Any CPU
		{B29F9C72-2AD3-4643-A137-E3F9613F028F}.Debug|Any CPU.ActiveCfg = Debug|Any CPU
		{B29F9C72-2AD3-4643-A137-E3F9613F028F}.Debug|Any CPU.Build.0 = Debug|Any CPU
		{B29F9C72-2AD3-4643-A137-E3F9613F028F}.Debug|x64.ActiveCfg = Debug|Any CPU
		{B29F9C72-2AD3-4643-A137-E3F9613F028F}.Debug|x64.Build.0 = Debug|Any CPU
		{B29F9C72-2AD3-4643-A137-E3F9613F028F}.Debug|x86.ActiveCfg = Debug|Any CPU
		{B29F9C72-2AD3-4643-A137-E3F9613F028F}.Debug|x86.Build.0 = Debug|Any CPU
		{B29F9C72-2AD3-4643-A137-E3F9613F028F}.Release|Any CPU.ActiveCfg = Release|Any CPU
		{B29F9C72-2AD3-4643-A137-E3F9613F028F}.Release|Any CPU.Build.0 = Release|Any CPU
		{B29F9C72-2AD3-4643-A137-E3F9613F028F}.Release|x64.ActiveCfg = Release|Any CPU
		{B29F9C72-2AD3-4643-A137-E3F9613F028F}.Release|x64.Build.0 = Release|Any CPU
		{B29F9C72-2AD3-4643-A137-E3F9613F028F}.Release|x86.ActiveCfg = Release|Any CPU
		{B29F9C72-2AD3-4643-A137-E3F9613F028F}.Release|x86.Build.0 = Release|Any CPU
		{5C2599A9-B138-49D1-A0B2-DA0BA3025671}.Debug|Any CPU.ActiveCfg = Debug|Any CPU
		{5C2599A9-B138-49D1-A0B2-DA0BA3025671}.Debug|Any CPU.Build.0 = Debug|Any CPU
		{5C2599A9-B138-49D1-A0B2-DA0BA3025671}.Debug|x64.ActiveCfg = Debug|Any CPU
		{5C2599A9-B138-49D1-A0B2-DA0BA3025671}.Debug|x64.Build.0 = Debug|Any CPU
		{5C2599A9-B138-49D1-A0B2-DA0BA3025671}.Debug|x86.ActiveCfg = Debug|Any CPU
		{5C2599A9-B138-49D1-A0B2-DA0BA3025671}.Debug|x86.Build.0 = Debug|Any CPU
		{5C2599A9-B138-49D1-A0B2-DA0BA3025671}.Release|Any CPU.ActiveCfg = Release|Any CPU
		{5C2599A9-B138-49D1-A0B2-DA0BA3025671}.Release|Any CPU.Build.0 = Release|Any CPU
		{5C2599A9-B138-49D1-A0B2-DA0BA3025671}.Release|x64.ActiveCfg = Release|Any CPU
		{5C2599A9-B138-49D1-A0B2-DA0BA3025671}.Release|x64.Build.0 = Release|Any CPU
		{5C2599A9-B138-49D1-A0B2-DA0BA3025671}.Release|x86.ActiveCfg = Release|Any CPU
		{5C2599A9-B138-49D1-A0B2-DA0BA3025671}.Release|x86.Build.0 = Release|Any CPU
		{64E8EA26-DFE6-4861-BA04-4E763B86857E}.Debug|Any CPU.ActiveCfg = Debug|Any CPU
		{64E8EA26-DFE6-4861-BA04-4E763B86857E}.Debug|Any CPU.Build.0 = Debug|Any CPU
		{64E8EA26-DFE6-4861-BA04-4E763B86857E}.Debug|x64.ActiveCfg = Debug|Any CPU
		{64E8EA26-DFE6-4861-BA04-4E763B86857E}.Debug|x64.Build.0 = Debug|Any CPU
		{64E8EA26-DFE6-4861-BA04-4E763B86857E}.Debug|x86.ActiveCfg = Debug|Any CPU
		{64E8EA26-DFE6-4861-BA04-4E763B86857E}.Debug|x86.Build.0 = Debug|Any CPU
		{64E8EA26-DFE6-4861-BA04-4E763B86857E}.Release|Any CPU.ActiveCfg = Release|Any CPU
		{64E8EA26-DFE6-4861-BA04-4E763B86857E}.Release|Any CPU.Build.0 = Release|Any CPU
		{64E8EA26-DFE6-4861-BA04-4E763B86857E}.Release|x64.ActiveCfg = Release|Any CPU
		{64E8EA26-DFE6-4861-BA04-4E763B86857E}.Release|x64.Build.0 = Release|Any CPU
		{64E8EA26-DFE6-4861-BA04-4E763B86857E}.Release|x86.ActiveCfg = Release|Any CPU
		{64E8EA26-DFE6-4861-BA04-4E763B86857E}.Release|x86.Build.0 = Release|Any CPU
		{99571212-D44F-46A0-AEEC-AB74F4F99B1D}.Debug|Any CPU.ActiveCfg = Debug|Any CPU
		{99571212-D44F-46A0-AEEC-AB74F4F99B1D}.Debug|Any CPU.Build.0 = Debug|Any CPU
		{99571212-D44F-46A0-AEEC-AB74F4F99B1D}.Debug|x64.ActiveCfg = Debug|Any CPU
		{99571212-D44F-46A0-AEEC-AB74F4F99B1D}.Debug|x64.Build.0 = Debug|Any CPU
		{99571212-D44F-46A0-AEEC-AB74F4F99B1D}.Debug|x86.ActiveCfg = Debug|Any CPU
		{99571212-D44F-46A0-AEEC-AB74F4F99B1D}.Debug|x86.Build.0 = Debug|Any CPU
		{99571212-D44F-46A0-AEEC-AB74F4F99B1D}.Release|Any CPU.ActiveCfg = Release|Any CPU
		{99571212-D44F-46A0-AEEC-AB74F4F99B1D}.Release|Any CPU.Build.0 = Release|Any CPU
		{99571212-D44F-46A0-AEEC-AB74F4F99B1D}.Release|x64.ActiveCfg = Release|Any CPU
		{99571212-D44F-46A0-AEEC-AB74F4F99B1D}.Release|x64.Build.0 = Release|Any CPU
		{99571212-D44F-46A0-AEEC-AB74F4F99B1D}.Release|x86.ActiveCfg = Release|Any CPU
		{99571212-D44F-46A0-AEEC-AB74F4F99B1D}.Release|x86.Build.0 = Release|Any CPU
		{F3FDC8A0-E46A-404E-9982-F451CC669660}.Debug|Any CPU.ActiveCfg = Debug|Any CPU
		{F3FDC8A0-E46A-404E-9982-F451CC669660}.Debug|Any CPU.Build.0 = Debug|Any CPU
		{F3FDC8A0-E46A-404E-9982-F451CC669660}.Debug|x64.ActiveCfg = Debug|Any CPU
		{F3FDC8A0-E46A-404E-9982-F451CC669660}.Debug|x64.Build.0 = Debug|Any CPU
		{F3FDC8A0-E46A-404E-9982-F451CC669660}.Debug|x86.ActiveCfg = Debug|Any CPU
		{F3FDC8A0-E46A-404E-9982-F451CC669660}.Debug|x86.Build.0 = Debug|Any CPU
		{F3FDC8A0-E46A-404E-9982-F451CC669660}.Release|Any CPU.ActiveCfg = Release|Any CPU
		{F3FDC8A0-E46A-404E-9982-F451CC669660}.Release|Any CPU.Build.0 = Release|Any CPU
		{F3FDC8A0-E46A-404E-9982-F451CC669660}.Release|x64.ActiveCfg = Release|Any CPU
		{F3FDC8A0-E46A-404E-9982-F451CC669660}.Release|x64.Build.0 = Release|Any CPU
		{F3FDC8A0-E46A-404E-9982-F451CC669660}.Release|x86.ActiveCfg = Release|Any CPU
		{F3FDC8A0-E46A-404E-9982-F451CC669660}.Release|x86.Build.0 = Release|Any CPU
		{6DBE53B9-D3C0-4203-9351-696165F5FC83}.Debug|Any CPU.ActiveCfg = Debug|Any CPU
		{6DBE53B9-D3C0-4203-9351-696165F5FC83}.Debug|Any CPU.Build.0 = Debug|Any CPU
		{6DBE53B9-D3C0-4203-9351-696165F5FC83}.Debug|x64.ActiveCfg = Debug|Any CPU
		{6DBE53B9-D3C0-4203-9351-696165F5FC83}.Debug|x64.Build.0 = Debug|Any CPU
		{6DBE53B9-D3C0-4203-9351-696165F5FC83}.Debug|x86.ActiveCfg = Debug|Any CPU
		{6DBE53B9-D3C0-4203-9351-696165F5FC83}.Debug|x86.Build.0 = Debug|Any CPU
		{6DBE53B9-D3C0-4203-9351-696165F5FC83}.Release|Any CPU.ActiveCfg = Release|Any CPU
		{6DBE53B9-D3C0-4203-9351-696165F5FC83}.Release|Any CPU.Build.0 = Release|Any CPU
		{6DBE53B9-D3C0-4203-9351-696165F5FC83}.Release|x64.ActiveCfg = Release|Any CPU
		{6DBE53B9-D3C0-4203-9351-696165F5FC83}.Release|x64.Build.0 = Release|Any CPU
		{6DBE53B9-D3C0-4203-9351-696165F5FC83}.Release|x86.ActiveCfg = Release|Any CPU
		{6DBE53B9-D3C0-4203-9351-696165F5FC83}.Release|x86.Build.0 = Release|Any CPU
		{911EADBD-5892-4F7C-949D-9E06A05EB167}.Debug|Any CPU.ActiveCfg = Debug|Any CPU
		{911EADBD-5892-4F7C-949D-9E06A05EB167}.Debug|Any CPU.Build.0 = Debug|Any CPU
		{911EADBD-5892-4F7C-949D-9E06A05EB167}.Debug|x64.ActiveCfg = Debug|Any CPU
		{911EADBD-5892-4F7C-949D-9E06A05EB167}.Debug|x64.Build.0 = Debug|Any CPU
		{911EADBD-5892-4F7C-949D-9E06A05EB167}.Debug|x86.ActiveCfg = Debug|Any CPU
		{911EADBD-5892-4F7C-949D-9E06A05EB167}.Debug|x86.Build.0 = Debug|Any CPU
		{911EADBD-5892-4F7C-949D-9E06A05EB167}.Release|Any CPU.ActiveCfg = Release|Any CPU
		{911EADBD-5892-4F7C-949D-9E06A05EB167}.Release|Any CPU.Build.0 = Release|Any CPU
		{911EADBD-5892-4F7C-949D-9E06A05EB167}.Release|x64.ActiveCfg = Release|Any CPU
		{911EADBD-5892-4F7C-949D-9E06A05EB167}.Release|x64.Build.0 = Release|Any CPU
		{911EADBD-5892-4F7C-949D-9E06A05EB167}.Release|x86.ActiveCfg = Release|Any CPU
		{911EADBD-5892-4F7C-949D-9E06A05EB167}.Release|x86.Build.0 = Release|Any CPU
		{7190C957-409B-46CF-9CC9-65E40F50F560}.Debug|Any CPU.ActiveCfg = Debug|Any CPU
		{7190C957-409B-46CF-9CC9-65E40F50F560}.Debug|Any CPU.Build.0 = Debug|Any CPU
		{7190C957-409B-46CF-9CC9-65E40F50F560}.Debug|x64.ActiveCfg = Debug|Any CPU
		{7190C957-409B-46CF-9CC9-65E40F50F560}.Debug|x64.Build.0 = Debug|Any CPU
		{7190C957-409B-46CF-9CC9-65E40F50F560}.Debug|x86.ActiveCfg = Debug|Any CPU
		{7190C957-409B-46CF-9CC9-65E40F50F560}.Debug|x86.Build.0 = Debug|Any CPU
		{7190C957-409B-46CF-9CC9-65E40F50F560}.Release|Any CPU.ActiveCfg = Release|Any CPU
		{7190C957-409B-46CF-9CC9-65E40F50F560}.Release|Any CPU.Build.0 = Release|Any CPU
		{7190C957-409B-46CF-9CC9-65E40F50F560}.Release|x64.ActiveCfg = Release|Any CPU
		{7190C957-409B-46CF-9CC9-65E40F50F560}.Release|x64.Build.0 = Release|Any CPU
		{7190C957-409B-46CF-9CC9-65E40F50F560}.Release|x86.ActiveCfg = Release|Any CPU
		{7190C957-409B-46CF-9CC9-65E40F50F560}.Release|x86.Build.0 = Release|Any CPU
		{8B3EEAB8-CC36-4F22-A153-CB84DDD6BD80}.Debug|Any CPU.ActiveCfg = Debug|Any CPU
		{8B3EEAB8-CC36-4F22-A153-CB84DDD6BD80}.Debug|Any CPU.Build.0 = Debug|Any CPU
		{8B3EEAB8-CC36-4F22-A153-CB84DDD6BD80}.Debug|x64.ActiveCfg = Debug|Any CPU
		{8B3EEAB8-CC36-4F22-A153-CB84DDD6BD80}.Debug|x64.Build.0 = Debug|Any CPU
		{8B3EEAB8-CC36-4F22-A153-CB84DDD6BD80}.Debug|x86.ActiveCfg = Debug|Any CPU
		{8B3EEAB8-CC36-4F22-A153-CB84DDD6BD80}.Debug|x86.Build.0 = Debug|Any CPU
		{8B3EEAB8-CC36-4F22-A153-CB84DDD6BD80}.Release|Any CPU.ActiveCfg = Release|Any CPU
		{8B3EEAB8-CC36-4F22-A153-CB84DDD6BD80}.Release|Any CPU.Build.0 = Release|Any CPU
		{8B3EEAB8-CC36-4F22-A153-CB84DDD6BD80}.Release|x64.ActiveCfg = Release|Any CPU
		{8B3EEAB8-CC36-4F22-A153-CB84DDD6BD80}.Release|x64.Build.0 = Release|Any CPU
		{8B3EEAB8-CC36-4F22-A153-CB84DDD6BD80}.Release|x86.ActiveCfg = Release|Any CPU
		{8B3EEAB8-CC36-4F22-A153-CB84DDD6BD80}.Release|x86.Build.0 = Release|Any CPU
		{96152981-6B20-4806-A895-ACA080D02193}.Debug|Any CPU.ActiveCfg = Debug|Any CPU
		{96152981-6B20-4806-A895-ACA080D02193}.Debug|Any CPU.Build.0 = Debug|Any CPU
		{96152981-6B20-4806-A895-ACA080D02193}.Debug|x64.ActiveCfg = Debug|Any CPU
		{96152981-6B20-4806-A895-ACA080D02193}.Debug|x64.Build.0 = Debug|Any CPU
		{96152981-6B20-4806-A895-ACA080D02193}.Debug|x86.ActiveCfg = Debug|Any CPU
		{96152981-6B20-4806-A895-ACA080D02193}.Debug|x86.Build.0 = Debug|Any CPU
		{96152981-6B20-4806-A895-ACA080D02193}.Release|Any CPU.ActiveCfg = Release|Any CPU
		{96152981-6B20-4806-A895-ACA080D02193}.Release|Any CPU.Build.0 = Release|Any CPU
		{96152981-6B20-4806-A895-ACA080D02193}.Release|x64.ActiveCfg = Release|Any CPU
		{96152981-6B20-4806-A895-ACA080D02193}.Release|x64.Build.0 = Release|Any CPU
		{96152981-6B20-4806-A895-ACA080D02193}.Release|x86.ActiveCfg = Release|Any CPU
		{96152981-6B20-4806-A895-ACA080D02193}.Release|x86.Build.0 = Release|Any CPU
		{38FDB413-3628-4BFD-9163-F30B14A8EF60}.Debug|Any CPU.ActiveCfg = Debug|Any CPU
		{38FDB413-3628-4BFD-9163-F30B14A8EF60}.Debug|Any CPU.Build.0 = Debug|Any CPU
		{38FDB413-3628-4BFD-9163-F30B14A8EF60}.Debug|x64.ActiveCfg = Debug|Any CPU
		{38FDB413-3628-4BFD-9163-F30B14A8EF60}.Debug|x64.Build.0 = Debug|Any CPU
		{38FDB413-3628-4BFD-9163-F30B14A8EF60}.Debug|x86.ActiveCfg = Debug|Any CPU
		{38FDB413-3628-4BFD-9163-F30B14A8EF60}.Debug|x86.Build.0 = Debug|Any CPU
		{38FDB413-3628-4BFD-9163-F30B14A8EF60}.Release|Any CPU.ActiveCfg = Release|Any CPU
		{38FDB413-3628-4BFD-9163-F30B14A8EF60}.Release|Any CPU.Build.0 = Release|Any CPU
		{38FDB413-3628-4BFD-9163-F30B14A8EF60}.Release|x64.ActiveCfg = Release|Any CPU
		{38FDB413-3628-4BFD-9163-F30B14A8EF60}.Release|x64.Build.0 = Release|Any CPU
		{38FDB413-3628-4BFD-9163-F30B14A8EF60}.Release|x86.ActiveCfg = Release|Any CPU
		{38FDB413-3628-4BFD-9163-F30B14A8EF60}.Release|x86.Build.0 = Release|Any CPU
	EndGlobalSection
	GlobalSection(SolutionProperties) = preSolution
		HideSolutionNode = FALSE
	EndGlobalSection
	GlobalSection(NestedProjects) = preSolution
		{F578EAC7-2021-4822-A6A7-EEEA40A20F20} = {4BF60EC3-4702-4CBC-B032-928024B28FD3}
		{F0A3A05D-8C59-4ECE-A6D1-3BBC23FB1992} = {4BF60EC3-4702-4CBC-B032-928024B28FD3}
		{47A337BB-7551-43EA-B24F-DED27532EAE4} = {4BF60EC3-4702-4CBC-B032-928024B28FD3}
		{703B379B-46D1-4290-BF9E-7EBB4B82F52D} = {4BF60EC3-4702-4CBC-B032-928024B28FD3}
		{6E72B1C4-D423-4D44-A5C5-6A3DF0A4F2D7} = {4BF60EC3-4702-4CBC-B032-928024B28FD3}
		{BABD1912-668F-4839-B07E-F31D788935EA} = {4BF60EC3-4702-4CBC-B032-928024B28FD3}
		{97FF2595-A4CE-4514-8C4C-A2FDF16867CC} = {4BF60EC3-4702-4CBC-B032-928024B28FD3}
		{B3DEBAEA-5579-4ABE-8EA8-EC43B8D39A48} = {4BF60EC3-4702-4CBC-B032-928024B28FD3}
		{2BF80F31-8EB5-457A-BDD0-829230FCBF44} = {4BF60EC3-4702-4CBC-B032-928024B28FD3}
		{248CEC11-2689-4ECC-8666-68A30EE345DD} = {4BF60EC3-4702-4CBC-B032-928024B28FD3}
		{B95A0805-883A-4C89-9450-340DB436C47B} = {4BF60EC3-4702-4CBC-B032-928024B28FD3}
		{27BC913E-2ABC-4862-BA75-95307A8235B5} = {4BF60EC3-4702-4CBC-B032-928024B28FD3}
		{1269FCA4-4ABC-4C70-A4F8-740A1BFA0AF6} = {4BF60EC3-4702-4CBC-B032-928024B28FD3}
		{EBE827CA-342D-47D8-80C1-328852A0E684} = {4BF60EC3-4702-4CBC-B032-928024B28FD3}
		{E6E2D375-8C79-410C-A8F0-630A81EF0A2F} = {4BF60EC3-4702-4CBC-B032-928024B28FD3}
		{AC2E8104-D9FB-40BB-A0C8-DEE0D4031E9A} = {4BF60EC3-4702-4CBC-B032-928024B28FD3}
		{18C20A75-BE76-4E48-8A38-5A05C8F56D5F} = {4BF60EC3-4702-4CBC-B032-928024B28FD3}
		{B2633E9F-9C92-460E-84BE-32F19E1B660C} = {4BF60EC3-4702-4CBC-B032-928024B28FD3}
		{37157FC1-8002-4238-9EE4-32E44F758362} = {4BF60EC3-4702-4CBC-B032-928024B28FD3}
		{7D1CDCC5-EB24-42FF-B0B1-E1F9FA1893A1} = {4BF60EC3-4702-4CBC-B032-928024B28FD3}
		{8893199E-C1FB-463D-8CFB-068D0C341460} = {4BF60EC3-4702-4CBC-B032-928024B28FD3}
		{F8C6D7C8-E0D5-4DDA-91E3-8D93BDBDC150} = {4BF60EC3-4702-4CBC-B032-928024B28FD3}
		{2E895B43-A8C4-41F0-B618-5496A4FBC667} = {4BF60EC3-4702-4CBC-B032-928024B28FD3}
		{1D3B5883-DAB4-4B05-AC22-8A06817CFA8E} = {4BF60EC3-4702-4CBC-B032-928024B28FD3}
		{C3217A4D-B8D2-4125-AACB-49B88A6B73B9} = {4BF60EC3-4702-4CBC-B032-928024B28FD3}
		{E9597CCD-F0CC-4E69-8A05-365ED831AFC9} = {4BF60EC3-4702-4CBC-B032-928024B28FD3}
		{23F96843-EBDF-4C21-AE75-73F4C706A9BD} = {4BF60EC3-4702-4CBC-B032-928024B28FD3}
		{968C8D9F-A4CB-4628-A2FC-1748A850E419} = {4BF60EC3-4702-4CBC-B032-928024B28FD3}
		{ED254B86-A11B-40D9-9B7A-99E726010A1D} = {4BF60EC3-4702-4CBC-B032-928024B28FD3}
		{F8F19B48-F4E1-41CE-8CCF-7E7B248CD319} = {4BF60EC3-4702-4CBC-B032-928024B28FD3}
		{93C68843-DFDA-4F23-AA7A-27FBE6509919} = {4BF60EC3-4702-4CBC-B032-928024B28FD3}
		{F92C6A5E-6E79-4D29-B589-083157B40527} = {4BF60EC3-4702-4CBC-B032-928024B28FD3}
		{27CBCDC9-A46B-47C9-B934-0170FD430047} = {4BF60EC3-4702-4CBC-B032-928024B28FD3}
		{A8917B71-882A-49A0-B3BE-F97B527F8255} = {4BF60EC3-4702-4CBC-B032-928024B28FD3}
		{0DE38B5D-344B-4055-898A-C5ECFAB8B991} = {4BF60EC3-4702-4CBC-B032-928024B28FD3}
		{5BC28140-628A-43DD-9CDA-4EC1AD681E50} = {4BF60EC3-4702-4CBC-B032-928024B28FD3}
		{FAF39FCD-31E1-4A2C-B6D2-972837979D07} = {4BF60EC3-4702-4CBC-B032-928024B28FD3}
		{E9A9AE50-EC18-4842-B0F5-FE6CD275FE12} = {4BF60EC3-4702-4CBC-B032-928024B28FD3}
		{17AC714C-40A7-462F-ACB8-D8D8F941A7BC} = {4BF60EC3-4702-4CBC-B032-928024B28FD3}
		{42544EAD-9AF9-46EA-A549-B3E2616865F2} = {4BF60EC3-4702-4CBC-B032-928024B28FD3}
		{9C6FD4C7-6BA6-497A-89C3-2D5E973AC0DC} = {4BF60EC3-4702-4CBC-B032-928024B28FD3}
		{2D71D449-45C9-446F-8489-730140F9C8FC} = {4BF60EC3-4702-4CBC-B032-928024B28FD3}
		{60193C37-EF19-44D0-9417-E4394C24B8EB} = {4BF60EC3-4702-4CBC-B032-928024B28FD3}
		{2B77DEDD-C411-44AC-A434-9FD5D453C831} = {4BF60EC3-4702-4CBC-B032-928024B28FD3}
		{F628620D-9337-43F3-885A-9D42A5C08CF1} = {4BF60EC3-4702-4CBC-B032-928024B28FD3}
		{DC0FF46C-1D79-416B-95BA-26A6A196C8FD} = {4BF60EC3-4702-4CBC-B032-928024B28FD3}
		{CEE1578C-4CB3-4DE5-B30F-F086A8EB6988} = {4BF60EC3-4702-4CBC-B032-928024B28FD3}
		{55DB6B05-3688-44ED-9EB8-FE1FEE5A72AE} = {4BF60EC3-4702-4CBC-B032-928024B28FD3}
		{C9E7071E-4CC6-41B0-9F51-845CA11E7FFE} = {4BF60EC3-4702-4CBC-B032-928024B28FD3}
		{F434FEFF-9EEC-446E-B856-232A4EAFAB10} = {4BF60EC3-4702-4CBC-B032-928024B28FD3}
		{E319EC52-E0EC-4255-AE70-54C4C2DD6812} = {4BF60EC3-4702-4CBC-B032-928024B28FD3}
		{6C965763-657B-41EE-969F-36763BAF127F} = {4BF60EC3-4702-4CBC-B032-928024B28FD3}
		{DAF7446D-A60F-474D-B163-AD83A3A44AEB} = {4BF60EC3-4702-4CBC-B032-928024B28FD3}
		{18A1A853-FFC0-462B-AB12-60D938B1E820} = {4BF60EC3-4702-4CBC-B032-928024B28FD3}
		{5EFE42E2-D337-4593-84A1-9C6022685868} = {4BF60EC3-4702-4CBC-B032-928024B28FD3}
		{B29F9C72-2AD3-4643-A137-E3F9613F028F} = {4BF60EC3-4702-4CBC-B032-928024B28FD3}
		{5C2599A9-B138-49D1-A0B2-DA0BA3025671} = {4BF60EC3-4702-4CBC-B032-928024B28FD3}
		{64E8EA26-DFE6-4861-BA04-4E763B86857E} = {4BF60EC3-4702-4CBC-B032-928024B28FD3}
		{99571212-D44F-46A0-AEEC-AB74F4F99B1D} = {4BF60EC3-4702-4CBC-B032-928024B28FD3}
		{F3FDC8A0-E46A-404E-9982-F451CC669660} = {4BF60EC3-4702-4CBC-B032-928024B28FD3}
		{6DBE53B9-D3C0-4203-9351-696165F5FC83} = {4BF60EC3-4702-4CBC-B032-928024B28FD3}
		{911EADBD-5892-4F7C-949D-9E06A05EB167} = {4BF60EC3-4702-4CBC-B032-928024B28FD3}
		{7190C957-409B-46CF-9CC9-65E40F50F560} = {4BF60EC3-4702-4CBC-B032-928024B28FD3}
		{8B3EEAB8-CC36-4F22-A153-CB84DDD6BD80} = {4BF60EC3-4702-4CBC-B032-928024B28FD3}
		{96152981-6B20-4806-A895-ACA080D02193} = {4BF60EC3-4702-4CBC-B032-928024B28FD3}
		{38FDB413-3628-4BFD-9163-F30B14A8EF60} = {4BF60EC3-4702-4CBC-B032-928024B28FD3}
	EndGlobalSection
	GlobalSection(ExtensibilityGlobals) = postSolution
		SolutionGuid = {19A23383-6672-46AA-89EF-A0BD7B817A99}
	EndGlobalSection
EndGlobal
